// !$*UTF8*$!
{
	archiveVersion = 1;
	classes = {
	};
	objectVersion = 46;
	objects = {

/* Begin PBXBuildFile section */
		4652659C156F9EAC00E2ED23 /* PlayListView.m in Sources */ = {isa = PBXBuildFile; fileRef = 4652659B156F9EAC00E2ED23 /* PlayListView.m */; };
		46B9C0AB156E4FA8001B6090 /* UIKit.framework in Frameworks */ = {isa = PBXBuildFile; fileRef = 46B9C0AA156E4FA8001B6090 /* UIKit.framework */; };
		46B9C0AD156E4FA8001B6090 /* Foundation.framework in Frameworks */ = {isa = PBXBuildFile; fileRef = 46B9C0AC156E4FA8001B6090 /* Foundation.framework */; };
		46B9C0AF156E4FA8001B6090 /* CoreGraphics.framework in Frameworks */ = {isa = PBXBuildFile; fileRef = 46B9C0AE156E4FA8001B6090 /* CoreGraphics.framework */; };
		46B9C0B5156E4FA8001B6090 /* InfoPlist.strings in Resources */ = {isa = PBXBuildFile; fileRef = 46B9C0B3156E4FA8001B6090 /* InfoPlist.strings */; };
		46B9C0B7156E4FA8001B6090 /* main.m in Sources */ = {isa = PBXBuildFile; fileRef = 46B9C0B6156E4FA8001B6090 /* main.m */; };
		46B9C0BB156E4FA8001B6090 /* MUSICAppDelegate.m in Sources */ = {isa = PBXBuildFile; fileRef = 46B9C0BA156E4FA8001B6090 /* MUSICAppDelegate.m */; };
		46B9C0BE156E4FA8001B6090 /* MUSICViewController.m in Sources */ = {isa = PBXBuildFile; fileRef = 46B9C0BD156E4FA8001B6090 /* MUSICViewController.m */; };
		46B9C0C1156E4FA8001B6090 /* MUSICViewController.xib in Resources */ = {isa = PBXBuildFile; fileRef = 46B9C0BF156E4FA8001B6090 /* MUSICViewController.xib */; };
		46B9C0CC156E796D001B6090 /* MediaPlayer.framework in Frameworks */ = {isa = PBXBuildFile; fileRef = 46B9C0CB156E796D001B6090 /* MediaPlayer.framework */; };
/* End PBXBuildFile section */

/* Begin PBXFileReference section */
		4652659A156F9EAC00E2ED23 /* PlayListView.h */ = {isa = PBXFileReference; fileEncoding = 4; lastKnownFileType = sourcecode.c.h; path = PlayListView.h; sourceTree = "<group>"; };
		4652659B156F9EAC00E2ED23 /* PlayListView.m */ = {isa = PBXFileReference; fileEncoding = 4; lastKnownFileType = sourcecode.c.objc; path = PlayListView.m; sourceTree = "<group>"; };
		46B9C0A6156E4FA8001B6090 /* MusicPlayer.app */ = {isa = PBXFileReference; explicitFileType = wrapper.application; includeInIndex = 0; path = MusicPlayer.app; sourceTree = BUILT_PRODUCTS_DIR; };
		46B9C0AA156E4FA8001B6090 /* UIKit.framework */ = {isa = PBXFileReference; lastKnownFileType = wrapper.framework; name = UIKit.framework; path = System/Library/Frameworks/UIKit.framework; sourceTree = SDKROOT; };
		46B9C0AC156E4FA8001B6090 /* Foundation.framework */ = {isa = PBXFileReference; lastKnownFileType = wrapper.framework; name = Foundation.framework; path = System/Library/Frameworks/Foundation.framework; sourceTree = SDKROOT; };
		46B9C0AE156E4FA8001B6090 /* CoreGraphics.framework */ = {isa = PBXFileReference; lastKnownFileType = wrapper.framework; name = CoreGraphics.framework; path = System/Library/Frameworks/CoreGraphics.framework; sourceTree = SDKROOT; };
		46B9C0B2156E4FA8001B6090 /* MusicPlayer-Info.plist */ = {isa = PBXFileReference; lastKnownFileType = text.plist.xml; path = "MusicPlayer-Info.plist"; sourceTree = "<group>"; };
		46B9C0B4156E4FA8001B6090 /* en */ = {isa = PBXFileReference; lastKnownFileType = text.plist.strings; name = en; path = en.lproj/InfoPlist.strings; sourceTree = "<group>"; };
		46B9C0B6156E4FA8001B6090 /* main.m */ = {isa = PBXFileReference; lastKnownFileType = sourcecode.c.objc; path = main.m; sourceTree = "<group>"; };
		46B9C0B8156E4FA8001B6090 /* MusicPlayer-Prefix.pch */ = {isa = PBXFileReference; lastKnownFileType = sourcecode.c.h; path = "MusicPlayer-Prefix.pch"; sourceTree = "<group>"; };
		46B9C0B9156E4FA8001B6090 /* MUSICAppDelegate.h */ = {isa = PBXFileReference; lastKnownFileType = sourcecode.c.h; path = MUSICAppDelegate.h; sourceTree = "<group>"; };
		46B9C0BA156E4FA8001B6090 /* MUSICAppDelegate.m */ = {isa = PBXFileReference; lastKnownFileType = sourcecode.c.objc; path = MUSICAppDelegate.m; sourceTree = "<group>"; };
		46B9C0BC156E4FA8001B6090 /* MUSICViewController.h */ = {isa = PBXFileReference; lastKnownFileType = sourcecode.c.h; path = MUSICViewController.h; sourceTree = "<group>"; };
		46B9C0BD156E4FA8001B6090 /* MUSICViewController.m */ = {isa = PBXFileReference; lastKnownFileType = sourcecode.c.objc; path = MUSICViewController.m; sourceTree = "<group>"; };
		46B9C0C0156E4FA8001B6090 /* en */ = {isa = PBXFileReference; lastKnownFileType = file.xib; name = en; path = en.lproj/MUSICViewController.xib; sourceTree = "<group>"; };
		46B9C0CB156E796D001B6090 /* MediaPlayer.framework */ = {isa = PBXFileReference; lastKnownFileType = wrapper.framework; name = MediaPlayer.framework; path = System/Library/Frameworks/MediaPlayer.framework; sourceTree = SDKROOT; };
/* End PBXFileReference section */

/* Begin PBXFrameworksBuildPhase section */
		46B9C0A3156E4FA8001B6090 /* Frameworks */ = {
			isa = PBXFrameworksBuildPhase;
			buildActionMask = 2147483647;
			files = (
				46B9C0CC156E796D001B6090 /* MediaPlayer.framework in Frameworks */,
				46B9C0AB156E4FA8001B6090 /* UIKit.framework in Frameworks */,
				46B9C0AD156E4FA8001B6090 /* Foundation.framework in Frameworks */,
				46B9C0AF156E4FA8001B6090 /* CoreGraphics.framework in Frameworks */,
			);
			runOnlyForDeploymentPostprocessing = 0;
		};
/* End PBXFrameworksBuildPhase section */

/* Begin PBXGroup section */
		46B9C09B156E4FA8001B6090 = {
			isa = PBXGroup;
			children = (
				46B9C0CB156E796D001B6090 /* MediaPlayer.framework */,
				46B9C0B0156E4FA8001B6090 /* MusicPlayer */,
				46B9C0A9156E4FA8001B6090 /* Frameworks */,
				46B9C0A7156E4FA8001B6090 /* Products */,
			);
			sourceTree = "<group>";
		};
		46B9C0A7156E4FA8001B6090 /* Products */ = {
			isa = PBXGroup;
			children = (
				46B9C0A6156E4FA8001B6090 /* MusicPlayer.app */,
			);
			name = Products;
			sourceTree = "<group>";
		};
		46B9C0A9156E4FA8001B6090 /* Frameworks */ = {
			isa = PBXGroup;
			children = (
				46B9C0AA156E4FA8001B6090 /* UIKit.framework */,
				46B9C0AC156E4FA8001B6090 /* Foundation.framework */,
				46B9C0AE156E4FA8001B6090 /* CoreGraphics.framework */,
			);
			name = Frameworks;
			sourceTree = "<group>";
		};
		46B9C0B0156E4FA8001B6090 /* MusicPlayer */ = {
			isa = PBXGroup;
			children = (
				46B9C0B9156E4FA8001B6090 /* MUSICAppDelegate.h */,
				46B9C0BA156E4FA8001B6090 /* MUSICAppDelegate.m */,
				46B9C0BC156E4FA8001B6090 /* MUSICViewController.h */,
				46B9C0BD156E4FA8001B6090 /* MUSICViewController.m */,
				46B9C0BF156E4FA8001B6090 /* MUSICViewController.xib */,
				46B9C0B1156E4FA8001B6090 /* Supporting Files */,
				4652659A156F9EAC00E2ED23 /* PlayListView.h */,
				4652659B156F9EAC00E2ED23 /* PlayListView.m */,
			);
			path = MusicPlayer;
			sourceTree = "<group>";
		};
		46B9C0B1156E4FA8001B6090 /* Supporting Files */ = {
			isa = PBXGroup;
			children = (
				46B9C0B2156E4FA8001B6090 /* MusicPlayer-Info.plist */,
				46B9C0B3156E4FA8001B6090 /* InfoPlist.strings */,
				46B9C0B6156E4FA8001B6090 /* main.m */,
				46B9C0B8156E4FA8001B6090 /* MusicPlayer-Prefix.pch */,
			);
			name = "Supporting Files";
			sourceTree = "<group>";
		};
/* End PBXGroup section */

/* Begin PBXNativeTarget section */
		46B9C0A5156E4FA8001B6090 /* MusicPlayer */ = {
			isa = PBXNativeTarget;
			buildConfigurationList = 46B9C0C4156E4FA8001B6090 /* Build configuration list for PBXNativeTarget "MusicPlayer" */;
			buildPhases = (
				46B9C0A2156E4FA8001B6090 /* Sources */,
				46B9C0A3156E4FA8001B6090 /* Frameworks */,
				46B9C0A4156E4FA8001B6090 /* Resources */,
			);
			buildRules = (
			);
			dependencies = (
			);
			name = MusicPlayer;
			productName = MusicPlayer;
			productReference = 46B9C0A6156E4FA8001B6090 /* MusicPlayer.app */;
			productType = "com.apple.product-type.application";
		};
/* End PBXNativeTarget section */

/* Begin PBXProject section */
		46B9C09D156E4FA8001B6090 /* Project object */ = {
			isa = PBXProject;
			attributes = {
				LastUpgradeCheck = 0420;
				ORGANIZATIONNAME = "Mobisoft Infotech";
			};
			buildConfigurationList = 46B9C0A0156E4FA8001B6090 /* Build configuration list for PBXProject "MusicPlayer" */;
			compatibilityVersion = "Xcode 3.2";
			developmentRegion = English;
			hasScannedForEncodings = 0;
			knownRegions = (
				en,
			);
			mainGroup = 46B9C09B156E4FA8001B6090;
			productRefGroup = 46B9C0A7156E4FA8001B6090 /* Products */;
			projectDirPath = "";
			projectRoot = "";
			targets = (
				46B9C0A5156E4FA8001B6090 /* MusicPlayer */,
			);
		};
/* End PBXProject section */

/* Begin PBXResourcesBuildPhase section */
		46B9C0A4156E4FA8001B6090 /* Resources */ = {
			isa = PBXResourcesBuildPhase;
			buildActionMask = 2147483647;
			files = (
				46B9C0B5156E4FA8001B6090 /* InfoPlist.strings in Resources */,
				46B9C0C1156E4FA8001B6090 /* MUSICViewController.xib in Resources */,
			);
			runOnlyForDeploymentPostprocessing = 0;
		};
/* End PBXResourcesBuildPhase section */

/* Begin PBXSourcesBuildPhase section */
		46B9C0A2156E4FA8001B6090 /* Sources */ = {
			isa = PBXSourcesBuildPhase;
			buildActionMask = 2147483647;
			files = (
				46B9C0B7156E4FA8001B6090 /* main.m in Sources */,
				46B9C0BB156E4FA8001B6090 /* MUSICAppDelegate.m in Sources */,
				46B9C0BE156E4FA8001B6090 /* MUSICViewController.m in Sources */,
				4652659C156F9EAC00E2ED23 /* PlayListView.m in Sources */,
			);
			runOnlyForDeploymentPostprocessing = 0;
		};
/* End PBXSourcesBuildPhase section */

/* Begin PBXVariantGroup section */
		46B9C0B3156E4FA8001B6090 /* InfoPlist.strings */ = {
			isa = PBXVariantGroup;
			children = (
				46B9C0B4156E4FA8001B6090 /* en */,
			);
			name = InfoPlist.strings;
			sourceTree = "<group>";
		};
		46B9C0BF156E4FA8001B6090 /* MUSICViewController.xib */ = {
			isa = PBXVariantGroup;
			children = (
				46B9C0C0156E4FA8001B6090 /* en */,
			);
			name = MUSICViewController.xib;
			sourceTree = "<group>";
		};
/* End PBXVariantGroup section */

/* Begin XCBuildConfiguration section */
		46B9C0C2156E4FA8001B6090 /* Debug */ = {
			isa = XCBuildConfiguration;
			buildSettings = {
				ALWAYS_SEARCH_USER_PATHS = NO;
				ARCHS = "$(ARCHS_STANDARD_32_BIT)";
				CLANG_ENABLE_OBJC_ARC = YES;
				CODE_SIGN_IDENTITY = "";
				"CODE_SIGN_IDENTITY[sdk=iphoneos*]" = "iPhone Distribution: Shailendra Sinhasane";
				COPY_PHASE_STRIP = NO;
				GCC_C_LANGUAGE_STANDARD = gnu99;
				GCC_DYNAMIC_NO_PIC = NO;
				GCC_OPTIMIZATION_LEVEL = 0;
				GCC_PREPROCESSOR_DEFINITIONS = (
					"DEBUG=1",
					"$(inherited)",
				);
				GCC_SYMBOLS_PRIVATE_EXTERN = NO;
				GCC_VERSION = com.apple.compilers.llvm.clang.1_0;
				GCC_WARN_ABOUT_MISSING_PROTOTYPES = YES;
				GCC_WARN_ABOUT_RETURN_TYPE = YES;
				GCC_WARN_UNUSED_VARIABLE = YES;
				IPHONEOS_DEPLOYMENT_TARGET = 4.0;
				"PROVISIONING_PROFILE[sdk=iphoneos*]" = "D825DDC1-C8A3-49E0-AE20-2323EA573B21";
				SDKROOT = iphoneos;
			};
			name = Debug;
		};
		46B9C0C3156E4FA8001B6090 /* Release */ = {
			isa = XCBuildConfiguration;
			buildSettings = {
				ALWAYS_SEARCH_USER_PATHS = NO;
				ARCHS = "$(ARCHS_STANDARD_32_BIT)";
				CLANG_ENABLE_OBJC_ARC = YES;
				CODE_SIGN_IDENTITY = "";
				"CODE_SIGN_IDENTITY[sdk=iphoneos*]" = "iPhone Distribution: Shailendra Sinhasane";
				COPY_PHASE_STRIP = YES;
				GCC_C_LANGUAGE_STANDARD = gnu99;
				GCC_VERSION = com.apple.compilers.llvm.clang.1_0;
				GCC_WARN_ABOUT_MISSING_PROTOTYPES = YES;
				GCC_WARN_ABOUT_RETURN_TYPE = YES;
				GCC_WARN_UNUSED_VARIABLE = YES;
				IPHONEOS_DEPLOYMENT_TARGET = 4.0;
				OTHER_CFLAGS = "-DNS_BLOCK_ASSERTIONS=1";
				"PROVISIONING_PROFILE[sdk=iphoneos*]" = "D825DDC1-C8A3-49E0-AE20-2323EA573B21";
				SDKROOT = iphoneos;
				VALIDATE_PRODUCT = YES;
			};
			name = Release;
		};
		46B9C0C5156E4FA8001B6090 /* Debug */ = {
			isa = XCBuildConfiguration;
			buildSettings = {
				CODE_SIGN_IDENTITY = "";
				GCC_PRECOMPILE_PREFIX_HEADER = YES;
				GCC_PREFIX_HEADER = "MusicPlayer/MusicPlayer-Prefix.pch";
				INFOPLIST_FILE = "MusicPlayer/MusicPlayer-Info.plist";
				PRODUCT_NAME = "$(TARGET_NAME)";
				WRAPPER_EXTENSION = app;
			};
			name = Debug;
		};
		46B9C0C6156E4FA8001B6090 /* Release */ = {
			isa = XCBuildConfiguration;
			buildSettings = {
				CODE_SIGN_IDENTITY = "";
				GCC_PRECOMPILE_PREFIX_HEADER = YES;
				GCC_PREFIX_HEADER = "MusicPlayer/MusicPlayer-Prefix.pch";
				INFOPLIST_FILE = "MusicPlayer/MusicPlayer-Info.plist";
				PRODUCT_NAME = "$(TARGET_NAME)";
				WRAPPER_EXTENSION = app;
			};
			name = Release;
		};
/* End XCBuildConfiguration section */

/* Begin XCConfigurationList section */
		46B9C0A0156E4FA8001B6090 /* Build configuration list for PBXProject "MusicPlayer" */ = {
			isa = XCConfigurationList;
			buildConfigurations = (
				46B9C0C2156E4FA8001B6090 /* Debug */,
				46B9C0C3156E4FA8001B6090 /* Release */,
			);
			defaultConfigurationIsVisible = 0;
			defaultConfigurationName = Release;
		};
		46B9C0C4156E4FA8001B6090 /* Build configuration list for PBXNativeTarget "MusicPlayer" */ = {
			isa = XCConfigurationList;
			buildConfigurations = (
				46B9C0C5156E4FA8001B6090 /* Debug */,
				46B9C0C6156E4FA8001B6090 /* Release */,
			);
			defaultConfigurationIsVisible = 0;
			defaultConfigurationName = Release;
		};
/* End XCConfigurationList section */
	};
	rootObject = 46B9C09D156E4FA8001B6090 /* Project object */;
}
