// !$*UTF8*$!
{
	archiveVersion = 1;
	classes = {
	};
	objectVersion = 46;
	objects = {

/* Begin PBXBuildFile section */
		321D21AC19197B620043C6E2 /* Foundation.framework in Frameworks */ = {isa = PBXBuildFile; fileRef = 321D21AB19197B620043C6E2 /* Foundation.framework */; };
		321D21AE19197B620043C6E2 /* CoreGraphics.framework in Frameworks */ = {isa = PBXBuildFile; fileRef = 321D21AD19197B620043C6E2 /* CoreGraphics.framework */; };
		321D21B019197B620043C6E2 /* UIKit.framework in Frameworks */ = {isa = PBXBuildFile; fileRef = 321D21AF19197B620043C6E2 /* UIKit.framework */; };
		321D21B619197B620043C6E2 /* InfoPlist.strings in Resources */ = {isa = PBXBuildFile; fileRef = 321D21B419197B620043C6E2 /* InfoPlist.strings */; };
		321D21B819197B620043C6E2 /* main.m in Sources */ = {isa = PBXBuildFile; fileRef = 321D21B719197B620043C6E2 /* main.m */; };
		321D21BC19197B620043C6E2 /* AppDelegate.m in Sources */ = {isa = PBXBuildFile; fileRef = 321D21BB19197B620043C6E2 /* AppDelegate.m */; };
		321D21BE19197B620043C6E2 /* Images.xcassets in Resources */ = {isa = PBXBuildFile; fileRef = 321D21BD19197B620043C6E2 /* Images.xcassets */; };
		321D21C519197B620043C6E2 /* XCTest.framework in Frameworks */ = {isa = PBXBuildFile; fileRef = 321D21C419197B620043C6E2 /* XCTest.framework */; };
		321D21C619197B620043C6E2 /* Foundation.framework in Frameworks */ = {isa = PBXBuildFile; fileRef = 321D21AB19197B620043C6E2 /* Foundation.framework */; };
		321D21C719197B630043C6E2 /* UIKit.framework in Frameworks */ = {isa = PBXBuildFile; fileRef = 321D21AF19197B620043C6E2 /* UIKit.framework */; };
		321D21CF19197B630043C6E2 /* InfoPlist.strings in Resources */ = {isa = PBXBuildFile; fileRef = 321D21CD19197B630043C6E2 /* InfoPlist.strings */; };
		321D21D119197B630043C6E2 /* Runovation_iOSTests.m in Sources */ = {isa = PBXBuildFile; fileRef = 321D21D019197B630043C6E2 /* Runovation_iOSTests.m */; };
		321D21DB19197B7D0043C6E2 /* Main.storyboard in Resources */ = {isa = PBXBuildFile; fileRef = 321D21DA19197B7D0043C6E2 /* Main.storyboard */; };
		32C4FFBE1919D2FD00B8FC4C /* Default.png in Resources */ = {isa = PBXBuildFile; fileRef = 32C4FFBD1919D2FD00B8FC4C /* Default.png */; };
/* End PBXBuildFile section */

/* Begin PBXContainerItemProxy section */
		321D21C819197B630043C6E2 /* PBXContainerItemProxy */ = {
			isa = PBXContainerItemProxy;
			containerPortal = 321D21A019197B620043C6E2 /* Project object */;
			proxyType = 1;
			remoteGlobalIDString = 321D21A719197B620043C6E2;
			remoteInfo = Runovation_iOS;
		};
/* End PBXContainerItemProxy section */

/* Begin PBXFileReference section */
		321D21A819197B620043C6E2 /* Runovation_iOS.app */ = {isa = PBXFileReference; explicitFileType = wrapper.application; includeInIndex = 0; path = Runovation_iOS.app; sourceTree = BUILT_PRODUCTS_DIR; };
		321D21AB19197B620043C6E2 /* Foundation.framework */ = {isa = PBXFileReference; lastKnownFileType = wrapper.framework; name = Foundation.framework; path = System/Library/Frameworks/Foundation.framework; sourceTree = SDKROOT; };
		321D21AD19197B620043C6E2 /* CoreGraphics.framework */ = {isa = PBXFileReference; lastKnownFileType = wrapper.framework; name = CoreGraphics.framework; path = System/Library/Frameworks/CoreGraphics.framework; sourceTree = SDKROOT; };
		321D21AF19197B620043C6E2 /* UIKit.framework */ = {isa = PBXFileReference; lastKnownFileType = wrapper.framework; name = UIKit.framework; path = System/Library/Frameworks/UIKit.framework; sourceTree = SDKROOT; };
		321D21B319197B620043C6E2 /* Runovation_iOS-Info.plist */ = {isa = PBXFileReference; lastKnownFileType = text.plist.xml; path = "Runovation_iOS-Info.plist"; sourceTree = "<group>"; };
		321D21B519197B620043C6E2 /* en */ = {isa = PBXFileReference; lastKnownFileType = text.plist.strings; name = en; path = en.lproj/InfoPlist.strings; sourceTree = "<group>"; };
		321D21B719197B620043C6E2 /* main.m */ = {isa = PBXFileReference; lastKnownFileType = sourcecode.c.objc; path = main.m; sourceTree = "<group>"; };
		321D21B919197B620043C6E2 /* Runovation_iOS-Prefix.pch */ = {isa = PBXFileReference; lastKnownFileType = sourcecode.c.h; path = "Runovation_iOS-Prefix.pch"; sourceTree = "<group>"; };
		321D21BA19197B620043C6E2 /* AppDelegate.h */ = {isa = PBXFileReference; lastKnownFileType = sourcecode.c.h; path = AppDelegate.h; sourceTree = "<group>"; };
		321D21BB19197B620043C6E2 /* AppDelegate.m */ = {isa = PBXFileReference; lastKnownFileType = sourcecode.c.objc; path = AppDelegate.m; sourceTree = "<group>"; };
		321D21BD19197B620043C6E2 /* Images.xcassets */ = {isa = PBXFileReference; lastKnownFileType = folder.assetcatalog; path = Images.xcassets; sourceTree = "<group>"; };
		321D21C319197B620043C6E2 /* Runovation_iOSTests.xctest */ = {isa = PBXFileReference; explicitFileType = wrapper.cfbundle; includeInIndex = 0; path = Runovation_iOSTests.xctest; sourceTree = BUILT_PRODUCTS_DIR; };
		321D21C419197B620043C6E2 /* XCTest.framework */ = {isa = PBXFileReference; lastKnownFileType = wrapper.framework; name = XCTest.framework; path = Library/Frameworks/XCTest.framework; sourceTree = DEVELOPER_DIR; };
		321D21CC19197B630043C6E2 /* Runovation_iOSTests-Info.plist */ = {isa = PBXFileReference; lastKnownFileType = text.plist.xml; path = "Runovation_iOSTests-Info.plist"; sourceTree = "<group>"; };
		321D21CE19197B630043C6E2 /* en */ = {isa = PBXFileReference; lastKnownFileType = text.plist.strings; name = en; path = en.lproj/InfoPlist.strings; sourceTree = "<group>"; };
		321D21D019197B630043C6E2 /* Runovation_iOSTests.m */ = {isa = PBXFileReference; lastKnownFileType = sourcecode.c.objc; path = Runovation_iOSTests.m; sourceTree = "<group>"; };
		321D21DA19197B7D0043C6E2 /* Main.storyboard */ = {isa = PBXFileReference; fileEncoding = 4; lastKnownFileType = file.storyboard; path = Main.storyboard; sourceTree = "<group>"; };
		32C4FFBD1919D2FD00B8FC4C /* Default.png */ = {isa = PBXFileReference; lastKnownFileType = image.png; name = Default.png; path = ../../Default.png; sourceTree = "<group>"; };
/* End PBXFileReference section */

/* Begin PBXFrameworksBuildPhase section */
		321D21A519197B620043C6E2 /* Frameworks */ = {
			isa = PBXFrameworksBuildPhase;
			buildActionMask = 2147483647;
			files = (
				321D21AE19197B620043C6E2 /* CoreGraphics.framework in Frameworks */,
				321D21B019197B620043C6E2 /* UIKit.framework in Frameworks */,
				321D21AC19197B620043C6E2 /* Foundation.framework in Frameworks */,
			);
			runOnlyForDeploymentPostprocessing = 0;
		};
		321D21C019197B620043C6E2 /* Frameworks */ = {
			isa = PBXFrameworksBuildPhase;
			buildActionMask = 2147483647;
			files = (
				321D21C519197B620043C6E2 /* XCTest.framework in Frameworks */,
				321D21C719197B630043C6E2 /* UIKit.framework in Frameworks */,
				321D21C619197B620043C6E2 /* Foundation.framework in Frameworks */,
			);
			runOnlyForDeploymentPostprocessing = 0;
		};
/* End PBXFrameworksBuildPhase section */

/* Begin PBXGroup section */
		321D219F19197B620043C6E2 = {
			isa = PBXGroup;
			children = (
				321D21B119197B620043C6E2 /* Runovation_iOS */,
				321D21CA19197B630043C6E2 /* Runovation_iOSTests */,
				321D21AA19197B620043C6E2 /* Frameworks */,
				321D21A919197B620043C6E2 /* Products */,
			);
			sourceTree = "<group>";
		};
		321D21A919197B620043C6E2 /* Products */ = {
			isa = PBXGroup;
			children = (
				321D21A819197B620043C6E2 /* Runovation_iOS.app */,
				321D21C319197B620043C6E2 /* Runovation_iOSTests.xctest */,
			);
			name = Products;
			sourceTree = "<group>";
		};
		321D21AA19197B620043C6E2 /* Frameworks */ = {
			isa = PBXGroup;
			children = (
				321D21AB19197B620043C6E2 /* Foundation.framework */,
				321D21AD19197B620043C6E2 /* CoreGraphics.framework */,
				321D21AF19197B620043C6E2 /* UIKit.framework */,
				321D21C419197B620043C6E2 /* XCTest.framework */,
			);
			name = Frameworks;
			sourceTree = "<group>";
		};
		321D21B119197B620043C6E2 /* Runovation_iOS */ = {
			isa = PBXGroup;
			children = (
				32C4FFBD1919D2FD00B8FC4C /* Default.png */,
				321D21BA19197B620043C6E2 /* AppDelegate.h */,
				321D21DA19197B7D0043C6E2 /* Main.storyboard */,
				321D21BB19197B620043C6E2 /* AppDelegate.m */,
				321D21BD19197B620043C6E2 /* Images.xcassets */,
				321D21B219197B620043C6E2 /* Supporting Files */,
			);
			path = Runovation_iOS;
			sourceTree = "<group>";
		};
		321D21B219197B620043C6E2 /* Supporting Files */ = {
			isa = PBXGroup;
			children = (
				321D21B319197B620043C6E2 /* Runovation_iOS-Info.plist */,
				321D21B419197B620043C6E2 /* InfoPlist.strings */,
				321D21B719197B620043C6E2 /* main.m */,
				321D21B919197B620043C6E2 /* Runovation_iOS-Prefix.pch */,
			);
			name = "Supporting Files";
			sourceTree = "<group>";
		};
		321D21CA19197B630043C6E2 /* Runovation_iOSTests */ = {
			isa = PBXGroup;
			children = (
				321D21D019197B630043C6E2 /* Runovation_iOSTests.m */,
				321D21CB19197B630043C6E2 /* Supporting Files */,
			);
			path = Runovation_iOSTests;
			sourceTree = "<group>";
		};
		321D21CB19197B630043C6E2 /* Supporting Files */ = {
			isa = PBXGroup;
			children = (
				321D21CC19197B630043C6E2 /* Runovation_iOSTests-Info.plist */,
				321D21CD19197B630043C6E2 /* InfoPlist.strings */,
			);
			name = "Supporting Files";
			sourceTree = "<group>";
		};
/* End PBXGroup section */

/* Begin PBXNativeTarget section */
		321D21A719197B620043C6E2 /* Runovation_iOS */ = {
			isa = PBXNativeTarget;
			buildConfigurationList = 321D21D419197B630043C6E2 /* Build configuration list for PBXNativeTarget "Runovation_iOS" */;
			buildPhases = (
				321D21A419197B620043C6E2 /* Sources */,
				321D21A519197B620043C6E2 /* Frameworks */,
				321D21A619197B620043C6E2 /* Resources */,
			);
			buildRules = (
			);
			dependencies = (
			);
			name = Runovation_iOS;
			productName = Runovation_iOS;
			productReference = 321D21A819197B620043C6E2 /* Runovation_iOS.app */;
			productType = "com.apple.product-type.application";
		};
		321D21C219197B620043C6E2 /* Runovation_iOSTests */ = {
			isa = PBXNativeTarget;
			buildConfigurationList = 321D21D719197B630043C6E2 /* Build configuration list for PBXNativeTarget "Runovation_iOSTests" */;
			buildPhases = (
				321D21BF19197B620043C6E2 /* Sources */,
				321D21C019197B620043C6E2 /* Frameworks */,
				321D21C119197B620043C6E2 /* Resources */,
			);
			buildRules = (
			);
			dependencies = (
				321D21C919197B630043C6E2 /* PBXTargetDependency */,
			);
			name = Runovation_iOSTests;
			productName = Runovation_iOSTests;
			productReference = 321D21C319197B620043C6E2 /* Runovation_iOSTests.xctest */;
			productType = "com.apple.product-type.bundle.unit-test";
		};
/* End PBXNativeTarget section */

/* Begin PBXProject section */
		321D21A019197B620043C6E2 /* Project object */ = {
			isa = PBXProject;
			attributes = {
				LastUpgradeCheck = 0510;
				ORGANIZATIONNAME = runovationfitness;
				TargetAttributes = {
					321D21A719197B620043C6E2 = {
						DevelopmentTeam = 775B3CTYJM;
					};
					321D21C219197B620043C6E2 = {
						TestTargetID = 321D21A719197B620043C6E2;
					};
				};
			};
			buildConfigurationList = 321D21A319197B620043C6E2 /* Build configuration list for PBXProject "Runovation_iOS" */;
			compatibilityVersion = "Xcode 3.2";
			developmentRegion = English;
			hasScannedForEncodings = 0;
			knownRegions = (
				en,
			);
			mainGroup = 321D219F19197B620043C6E2;
			productRefGroup = 321D21A919197B620043C6E2 /* Products */;
			projectDirPath = "";
			projectRoot = "";
			targets = (
				321D21A719197B620043C6E2 /* Runovation_iOS */,
				321D21C219197B620043C6E2 /* Runovation_iOSTests */,
			);
		};
/* End PBXProject section */

/* Begin PBXResourcesBuildPhase section */
		321D21A619197B620043C6E2 /* Resources */ = {
			isa = PBXResourcesBuildPhase;
			buildActionMask = 2147483647;
			files = (
				321D21DB19197B7D0043C6E2 /* Main.storyboard in Resources */,
				321D21B619197B620043C6E2 /* InfoPlist.strings in Resources */,
				321D21BE19197B620043C6E2 /* Images.xcassets in Resources */,
				32C4FFBE1919D2FD00B8FC4C /* Default.png in Resources */,
			);
			runOnlyForDeploymentPostprocessing = 0;
		};
		321D21C119197B620043C6E2 /* Resources */ = {
			isa = PBXResourcesBuildPhase;
			buildActionMask = 2147483647;
			files = (
				321D21CF19197B630043C6E2 /* InfoPlist.strings in Resources */,
			);
			runOnlyForDeploymentPostprocessing = 0;
		};
/* End PBXResourcesBuildPhase section */

/* Begin PBXSourcesBuildPhase section */
		321D21A419197B620043C6E2 /* Sources */ = {
			isa = PBXSourcesBuildPhase;
			buildActionMask = 2147483647;
			files = (
				321D21BC19197B620043C6E2 /* AppDelegate.m in Sources */,
				321D21B819197B620043C6E2 /* main.m in Sources */,
			);
			runOnlyForDeploymentPostprocessing = 0;
		};
		321D21BF19197B620043C6E2 /* Sources */ = {
			isa = PBXSourcesBuildPhase;
			buildActionMask = 2147483647;
			files = (
				321D21D119197B630043C6E2 /* Runovation_iOSTests.m in Sources */,
			);
			runOnlyForDeploymentPostprocessing = 0;
		};
/* End PBXSourcesBuildPhase section */

/* Begin PBXTargetDependency section */
		321D21C919197B630043C6E2 /* PBXTargetDependency */ = {
			isa = PBXTargetDependency;
			target = 321D21A719197B620043C6E2 /* Runovation_iOS */;
			targetProxy = 321D21C819197B630043C6E2 /* PBXContainerItemProxy */;
		};
/* End PBXTargetDependency section */

/* Begin PBXVariantGroup section */
		321D21B419197B620043C6E2 /* InfoPlist.strings */ = {
			isa = PBXVariantGroup;
			children = (
				321D21B519197B620043C6E2 /* en */,
			);
			name = InfoPlist.strings;
			sourceTree = "<group>";
		};
		321D21CD19197B630043C6E2 /* InfoPlist.strings */ = {
			isa = PBXVariantGroup;
			children = (
				321D21CE19197B630043C6E2 /* en */,
			);
			name = InfoPlist.strings;
			sourceTree = "<group>";
		};
/* End PBXVariantGroup section */

/* Begin XCBuildConfiguration section */
		321D21D219197B630043C6E2 /* Debug */ = {
			isa = XCBuildConfiguration;
			buildSettings = {
				ALWAYS_SEARCH_USER_PATHS = NO;
				CLANG_CXX_LANGUAGE_STANDARD = "gnu++0x";
				CLANG_CXX_LIBRARY = "libc++";
				CLANG_ENABLE_MODULES = YES;
				CLANG_ENABLE_OBJC_ARC = YES;
				CLANG_WARN_BOOL_CONVERSION = YES;
				CLANG_WARN_CONSTANT_CONVERSION = YES;
				CLANG_WARN_DIRECT_OBJC_ISA_USAGE = YES_ERROR;
				CLANG_WARN_EMPTY_BODY = YES;
				CLANG_WARN_ENUM_CONVERSION = YES;
				CLANG_WARN_INT_CONVERSION = YES;
				CLANG_WARN_OBJC_ROOT_CLASS = YES_ERROR;
				CLANG_WARN__DUPLICATE_METHOD_MATCH = YES;
				"CODE_SIGN_IDENTITY[sdk=iphoneos*]" = "iPhone Developer";
				COPY_PHASE_STRIP = NO;
				GCC_C_LANGUAGE_STANDARD = gnu99;
				GCC_DYNAMIC_NO_PIC = NO;
				GCC_OPTIMIZATION_LEVEL = 0;
				GCC_PREPROCESSOR_DEFINITIONS = (
					"DEBUG=1",
					"$(inherited)",
				);
				GCC_SYMBOLS_PRIVATE_EXTERN = NO;
				GCC_WARN_64_TO_32_BIT_CONVERSION = YES;
				GCC_WARN_ABOUT_RETURN_TYPE = YES_ERROR;
				GCC_WARN_UNDECLARED_SELECTOR = YES;
				GCC_WARN_UNINITIALIZED_AUTOS = YES_AGGRESSIVE;
				GCC_WARN_UNUSED_FUNCTION = YES;
				GCC_WARN_UNUSED_VARIABLE = YES;
				IPHONEOS_DEPLOYMENT_TARGET = 7.1;
				ONLY_ACTIVE_ARCH = YES;
				SDKROOT = iphoneos;
				TARGETED_DEVICE_FAMILY = "1,2";
			};
			name = Debug;
		};
		321D21D319197B630043C6E2 /* Release */ = {
			isa = XCBuildConfiguration;
			buildSettings = {
				ALWAYS_SEARCH_USER_PATHS = NO;
				CLANG_CXX_LANGUAGE_STANDARD = "gnu++0x";
				CLANG_CXX_LIBRARY = "libc++";
				CLANG_ENABLE_MODULES = YES;
				CLANG_ENABLE_OBJC_ARC = YES;
				CLANG_WARN_BOOL_CONVERSION = YES;
				CLANG_WARN_CONSTANT_CONVERSION = YES;
				CLANG_WARN_DIRECT_OBJC_ISA_USAGE = YES_ERROR;
				CLANG_WARN_EMPTY_BODY = YES;
				CLANG_WARN_ENUM_CONVERSION = YES;
				CLANG_WARN_INT_CONVERSION = YES;
				CLANG_WARN_OBJC_ROOT_CLASS = YES_ERROR;
				CLANG_WARN__DUPLICATE_METHOD_MATCH = YES;
				"CODE_SIGN_IDENTITY[sdk=iphoneos*]" = "iPhone Developer";
				COPY_PHASE_STRIP = YES;
				ENABLE_NS_ASSERTIONS = NO;
				GCC_C_LANGUAGE_STANDARD = gnu99;
				GCC_WARN_64_TO_32_BIT_CONVERSION = YES;
				GCC_WARN_ABOUT_RETURN_TYPE = YES_ERROR;
				GCC_WARN_UNDECLARED_SELECTOR = YES;
				GCC_WARN_UNINITIALIZED_AUTOS = YES_AGGRESSIVE;
				GCC_WARN_UNUSED_FUNCTION = YES;
				GCC_WARN_UNUSED_VARIABLE = YES;
				IPHONEOS_DEPLOYMENT_TARGET = 7.1;
				SDKROOT = iphoneos;
				TARGETED_DEVICE_FAMILY = "1,2";
				VALIDATE_PRODUCT = YES;
			};
			name = Release;
		};
		321D21D519197B630043C6E2 /* Debug */ = {
			isa = XCBuildConfiguration;
			buildSettings = {
				ASSETCATALOG_COMPILER_APPICON_NAME = AppIcon;
				ASSETCATALOG_COMPILER_LAUNCHIMAGE_NAME = LaunchImage;
				CODE_SIGN_IDENTITY = "iPhone Developer";
				"CODE_SIGN_IDENTITY[sdk=iphoneos*]" = "iPhone Developer";
				GCC_PRECOMPILE_PREFIX_HEADER = YES;
				GCC_PREFIX_HEADER = "Runovation_iOS/Runovation_iOS-Prefix.pch";
				INFOPLIST_FILE = "Runovation_iOS/Runovation_iOS-Info.plist";
				PRODUCT_NAME = "$(TARGET_NAME)";
				PROVISIONING_PROFILE = "";
				WRAPPER_EXTENSION = app;
			};
			name = Debug;
		};
		321D21D619197B630043C6E2 /* Release */ = {
			isa = XCBuildConfiguration;
			buildSettings = {
				ASSETCATALOG_COMPILER_APPICON_NAME = AppIcon;
				ASSETCATALOG_COMPILER_LAUNCHIMAGE_NAME = LaunchImage;
				CODE_SIGN_IDENTITY = "iPhone Developer";
				"CODE_SIGN_IDENTITY[sdk=iphoneos*]" = "iPhone Developer";
				GCC_PRECOMPILE_PREFIX_HEADER = YES;
				GCC_PREFIX_HEADER = "Runovation_iOS/Runovation_iOS-Prefix.pch";
				INFOPLIST_FILE = "Runovation_iOS/Runovation_iOS-Info.plist";
				PRODUCT_NAME = "$(TARGET_NAME)";
				PROVISIONING_PROFILE = "";
				WRAPPER_EXTENSION = app;
			};
			name = Release;
		};
		321D21D819197B630043C6E2 /* Debug */ = {
			isa = XCBuildConfiguration;
			buildSettings = {
				BUNDLE_LOADER = "$(BUILT_PRODUCTS_DIR)/Runovation_iOS.app/Runovation_iOS";
				FRAMEWORK_SEARCH_PATHS = (
					"$(SDKROOT)/Developer/Library/Frameworks",
					"$(inherited)",
					"$(DEVELOPER_FRAMEWORKS_DIR)",
				);
				GCC_PRECOMPILE_PREFIX_HEADER = YES;
				GCC_PREFIX_HEADER = "Runovation_iOS/Runovation_iOS-Prefix.pch";
				GCC_PREPROCESSOR_DEFINITIONS = (
					"DEBUG=1",
					"$(inherited)",
				);
				INFOPLIST_FILE = "Runovation_iOSTests/Runovation_iOSTests-Info.plist";
				PRODUCT_NAME = "$(TARGET_NAME)";
				TEST_HOST = "$(BUNDLE_LOADER)";
				WRAPPER_EXTENSION = xctest;
			};
			name = Debug;
		};
		321D21D919197B630043C6E2 /* Release */ = {
			isa = XCBuildConfiguration;
			buildSettings = {
				BUNDLE_LOADER = "$(BUILT_PRODUCTS_DIR)/Runovation_iOS.app/Runovation_iOS";
				FRAMEWORK_SEARCH_PATHS = (
					"$(SDKROOT)/Developer/Library/Frameworks",
					"$(inherited)",
					"$(DEVELOPER_FRAMEWORKS_DIR)",
				);
				GCC_PRECOMPILE_PREFIX_HEADER = YES;
				GCC_PREFIX_HEADER = "Runovation_iOS/Runovation_iOS-Prefix.pch";
				INFOPLIST_FILE = "Runovation_iOSTests/Runovation_iOSTests-Info.plist";
				PRODUCT_NAME = "$(TARGET_NAME)";
				TEST_HOST = "$(BUNDLE_LOADER)";
				WRAPPER_EXTENSION = xctest;
			};
			name = Release;
		};
/* End XCBuildConfiguration section */

/* Begin XCConfigurationList section */
		321D21A319197B620043C6E2 /* Build configuration list for PBXProject "Runovation_iOS" */ = {
			isa = XCConfigurationList;
			buildConfigurations = (
				321D21D219197B630043C6E2 /* Debug */,
				321D21D319197B630043C6E2 /* Release */,
			);
			defaultConfigurationIsVisible = 0;
			defaultConfigurationName = Release;
		};
		321D21D419197B630043C6E2 /* Build configuration list for PBXNativeTarget "Runovation_iOS" */ = {
			isa = XCConfigurationList;
			buildConfigurations = (
				321D21D519197B630043C6E2 /* Debug */,
				321D21D619197B630043C6E2 /* Release */,
			);
			defaultConfigurationIsVisible = 0;
			defaultConfigurationName = Release;
		};
		321D21D719197B630043C6E2 /* Build configuration list for PBXNativeTarget "Runovation_iOSTests" */ = {
			isa = XCConfigurationList;
			buildConfigurations = (
				321D21D819197B630043C6E2 /* Debug */,
				321D21D919197B630043C6E2 /* Release */,
			);
			defaultConfigurationIsVisible = 0;
			defaultConfigurationName = Release;
		};
/* End XCConfigurationList section */
	};
	rootObject = 321D21A019197B620043C6E2 /* Project object */;
}
