// !$*UTF8*$!
{
	archiveVersion = 1;
	classes = {
	};
	objectVersion = 45;
	objects = {

/* Begin PBXBuildFile section */
		326CDE6919131FBC0061E215 /* Storyboard.storyboard in Resources */ = {isa = PBXBuildFile; fileRef = 326CDE6819131FBC0061E215 /* Storyboard.storyboard */; };
		326CDE6B191321EF0061E215 /* Parse.framework in Frameworks */ = {isa = PBXBuildFile; fileRef = 326CDE6A191321EE0061E215 /* Parse.framework */; };
		326CDE6D191322E50061E215 /* FacebookSDK.framework in Frameworks */ = {isa = PBXBuildFile; fileRef = 326CDE6C191322E50061E215 /* FacebookSDK.framework */; };
		326CDE6F191322F10061E215 /* Accounts.framework in Frameworks */ = {isa = PBXBuildFile; fileRef = 326CDE6E191322F10061E215 /* Accounts.framework */; };
		326CDE71191322F70061E215 /* AdSupport.framework in Frameworks */ = {isa = PBXBuildFile; fileRef = 326CDE70191322F70061E215 /* AdSupport.framework */; };
		326CDE77191323130061E215 /* Social.framework in Frameworks */ = {isa = PBXBuildFile; fileRef = 326CDE72191323130061E215 /* Social.framework */; };
		326CDE78191323130061E215 /* CoreLocation.framework in Frameworks */ = {isa = PBXBuildFile; fileRef = 326CDE73191323130061E215 /* CoreLocation.framework */; };
		326CDE79191323130061E215 /* StoreKit.framework in Frameworks */ = {isa = PBXBuildFile; fileRef = 326CDE74191323130061E215 /* StoreKit.framework */; };
		326CDE7A191323130061E215 /* AudioToolbox.framework in Frameworks */ = {isa = PBXBuildFile; fileRef = 326CDE75191323130061E215 /* AudioToolbox.framework */; };
		326CDE7B191323130061E215 /* CFNetwork.framework in Frameworks */ = {isa = PBXBuildFile; fileRef = 326CDE76191323130061E215 /* CFNetwork.framework */; };
		326CDE7F191323280061E215 /* MobileCoreServices.framework in Frameworks */ = {isa = PBXBuildFile; fileRef = 326CDE7C191323280061E215 /* MobileCoreServices.framework */; };
		326CDE80191323280061E215 /* Security.framework in Frameworks */ = {isa = PBXBuildFile; fileRef = 326CDE7D191323280061E215 /* Security.framework */; };
		326CDE81191323280061E215 /* SystemConfiguration.framework in Frameworks */ = {isa = PBXBuildFile; fileRef = 326CDE7E191323280061E215 /* SystemConfiguration.framework */; };
		326CDE831913232E0061E215 /* QuartzCore.framework in Frameworks */ = {isa = PBXBuildFile; fileRef = 326CDE821913232E0061E215 /* QuartzCore.framework */; };
		326CDE85191323380061E215 /* libsqlite3.0.dylib in Frameworks */ = {isa = PBXBuildFile; fileRef = 326CDE84191323380061E215 /* libsqlite3.0.dylib */; };
		326CDE871913233D0061E215 /* libz.1.1.3.dylib in Frameworks */ = {isa = PBXBuildFile; fileRef = 326CDE861913233D0061E215 /* libz.1.1.3.dylib */; };
		326CDE8A1913235F0061E215 /* DemoTableViewController.m in Sources */ = {isa = PBXBuildFile; fileRef = 326CDE891913235F0061E215 /* DemoTableViewController.m */; };
		327EAC9B19009FC90013BD18 /* Foundation.framework in Frameworks */ = {isa = PBXBuildFile; fileRef = 327EAC9A19009FC90013BD18 /* Foundation.framework */; };
		327EAC9D19009FC90013BD18 /* CoreGraphics.framework in Frameworks */ = {isa = PBXBuildFile; fileRef = 327EAC9C19009FC90013BD18 /* CoreGraphics.framework */; };
		327EAC9F19009FC90013BD18 /* UIKit.framework in Frameworks */ = {isa = PBXBuildFile; fileRef = 327EAC9E19009FC90013BD18 /* UIKit.framework */; };
		327EACA519009FC90013BD18 /* InfoPlist.strings in Resources */ = {isa = PBXBuildFile; fileRef = 327EACA319009FC90013BD18 /* InfoPlist.strings */; };
		327EACA719009FC90013BD18 /* main.m in Sources */ = {isa = PBXBuildFile; fileRef = 327EACA619009FC90013BD18 /* main.m */; };
		327EACAB19009FC90013BD18 /* AppDelegate.m in Sources */ = {isa = PBXBuildFile; fileRef = 327EACAA19009FC90013BD18 /* AppDelegate.m */; };
		327EACAD19009FC90013BD18 /* Images.xcassets in Resources */ = {isa = PBXBuildFile; fileRef = 327EACAC19009FC90013BD18 /* Images.xcassets */; };
		327EACB419009FC90013BD18 /* XCTest.framework in Frameworks */ = {isa = PBXBuildFile; fileRef = 327EACB319009FC90013BD18 /* XCTest.framework */; };
		327EACB519009FC90013BD18 /* Foundation.framework in Frameworks */ = {isa = PBXBuildFile; fileRef = 327EAC9A19009FC90013BD18 /* Foundation.framework */; };
		327EACB619009FC90013BD18 /* UIKit.framework in Frameworks */ = {isa = PBXBuildFile; fileRef = 327EAC9E19009FC90013BD18 /* UIKit.framework */; };
		327EACBE19009FC90013BD18 /* InfoPlist.strings in Resources */ = {isa = PBXBuildFile; fileRef = 327EACBC19009FC90013BD18 /* InfoPlist.strings */; };
		327EACC019009FC90013BD18 /* Runovation_iOSTests.m in Sources */ = {isa = PBXBuildFile; fileRef = 327EACBF19009FC90013BD18 /* Runovation_iOSTests.m */; };
		328595AB1913130200367617 /* Default.png in Resources */ = {isa = PBXBuildFile; fileRef = 328595AA1913130200367617 /* Default.png */; };
/* End PBXBuildFile section */

/* Begin PBXContainerItemProxy section */
		327EACB719009FC90013BD18 /* PBXContainerItemProxy */ = {
			isa = PBXContainerItemProxy;
			containerPortal = 327EAC8F19009FC90013BD18 /* Project object */;
			proxyType = 1;
			remoteGlobalIDString = 327EAC9619009FC90013BD18;
			remoteInfo = Runovation_iOS;
		};
/* End PBXContainerItemProxy section */

/* Begin PBXFileReference section */
		326CDE6819131FBC0061E215 /* Storyboard.storyboard */ = {isa = PBXFileReference; fileEncoding = 4; lastKnownFileType = file.storyboard; path = Storyboard.storyboard; sourceTree = "<group>"; };
		326CDE6A191321EE0061E215 /* Parse.framework */ = {isa = PBXFileReference; lastKnownFileType = wrapper.framework; name = Parse.framework; path = ../Parse.framework; sourceTree = "<group>"; };
		326CDE6C191322E50061E215 /* FacebookSDK.framework */ = {isa = PBXFileReference; lastKnownFileType = wrapper.framework; name = FacebookSDK.framework; path = "../ParsePlatform-LoginAndSignUpTutorial-0710943/FacebookSDK.framework"; sourceTree = "<group>"; };
		326CDE6E191322F10061E215 /* Accounts.framework */ = {isa = PBXFileReference; lastKnownFileType = wrapper.framework; name = Accounts.framework; path = System/Library/Frameworks/Accounts.framework; sourceTree = SDKROOT; };
		326CDE70191322F70061E215 /* AdSupport.framework */ = {isa = PBXFileReference; lastKnownFileType = wrapper.framework; name = AdSupport.framework; path = System/Library/Frameworks/AdSupport.framework; sourceTree = SDKROOT; };
		326CDE72191323130061E215 /* Social.framework */ = {isa = PBXFileReference; lastKnownFileType = wrapper.framework; name = Social.framework; path = System/Library/Frameworks/Social.framework; sourceTree = SDKROOT; };
		326CDE73191323130061E215 /* CoreLocation.framework */ = {isa = PBXFileReference; lastKnownFileType = wrapper.framework; name = CoreLocation.framework; path = System/Library/Frameworks/CoreLocation.framework; sourceTree = SDKROOT; };
		326CDE74191323130061E215 /* StoreKit.framework */ = {isa = PBXFileReference; lastKnownFileType = wrapper.framework; name = StoreKit.framework; path = System/Library/Frameworks/StoreKit.framework; sourceTree = SDKROOT; };
		326CDE75191323130061E215 /* AudioToolbox.framework */ = {isa = PBXFileReference; lastKnownFileType = wrapper.framework; name = AudioToolbox.framework; path = System/Library/Frameworks/AudioToolbox.framework; sourceTree = SDKROOT; };
		326CDE76191323130061E215 /* CFNetwork.framework */ = {isa = PBXFileReference; lastKnownFileType = wrapper.framework; name = CFNetwork.framework; path = System/Library/Frameworks/CFNetwork.framework; sourceTree = SDKROOT; };
		326CDE7C191323280061E215 /* MobileCoreServices.framework */ = {isa = PBXFileReference; lastKnownFileType = wrapper.framework; name = MobileCoreServices.framework; path = System/Library/Frameworks/MobileCoreServices.framework; sourceTree = SDKROOT; };
		326CDE7D191323280061E215 /* Security.framework */ = {isa = PBXFileReference; lastKnownFileType = wrapper.framework; name = Security.framework; path = System/Library/Frameworks/Security.framework; sourceTree = SDKROOT; };
		326CDE7E191323280061E215 /* SystemConfiguration.framework */ = {isa = PBXFileReference; lastKnownFileType = wrapper.framework; name = SystemConfiguration.framework; path = System/Library/Frameworks/SystemConfiguration.framework; sourceTree = SDKROOT; };
		326CDE821913232E0061E215 /* QuartzCore.framework */ = {isa = PBXFileReference; lastKnownFileType = wrapper.framework; name = QuartzCore.framework; path = System/Library/Frameworks/QuartzCore.framework; sourceTree = SDKROOT; };
		326CDE84191323380061E215 /* libsqlite3.0.dylib */ = {isa = PBXFileReference; lastKnownFileType = "compiled.mach-o.dylib"; name = libsqlite3.0.dylib; path = usr/lib/libsqlite3.0.dylib; sourceTree = SDKROOT; };
		326CDE861913233D0061E215 /* libz.1.1.3.dylib */ = {isa = PBXFileReference; lastKnownFileType = "compiled.mach-o.dylib"; name = libz.1.1.3.dylib; path = usr/lib/libz.1.1.3.dylib; sourceTree = SDKROOT; };
		326CDE881913235F0061E215 /* DemoTableViewController.h */ = {isa = PBXFileReference; fileEncoding = 4; lastKnownFileType = sourcecode.c.h; name = DemoTableViewController.h; path = "../../ParsePlatform-LoginAndSignUpTutorial-0710943/LogInAndSignUpDemo/DemoTableViewController.h"; sourceTree = "<group>"; };
		326CDE891913235F0061E215 /* DemoTableViewController.m */ = {isa = PBXFileReference; fileEncoding = 4; lastKnownFileType = sourcecode.c.objc; name = DemoTableViewController.m; path = "../../ParsePlatform-LoginAndSignUpTutorial-0710943/LogInAndSignUpDemo/DemoTableViewController.m"; sourceTree = "<group>"; };
		327EAC9719009FC90013BD18 /* Runovation_iOS.app */ = {isa = PBXFileReference; explicitFileType = wrapper.application; includeInIndex = 0; path = Runovation_iOS.app; sourceTree = BUILT_PRODUCTS_DIR; };
		327EAC9A19009FC90013BD18 /* Foundation.framework */ = {isa = PBXFileReference; lastKnownFileType = wrapper.framework; name = Foundation.framework; path = System/Library/Frameworks/Foundation.framework; sourceTree = SDKROOT; };
		327EAC9C19009FC90013BD18 /* CoreGraphics.framework */ = {isa = PBXFileReference; lastKnownFileType = wrapper.framework; name = CoreGraphics.framework; path = System/Library/Frameworks/CoreGraphics.framework; sourceTree = SDKROOT; };
		327EAC9E19009FC90013BD18 /* UIKit.framework */ = {isa = PBXFileReference; lastKnownFileType = wrapper.framework; name = UIKit.framework; path = System/Library/Frameworks/UIKit.framework; sourceTree = SDKROOT; };
		327EACA219009FC90013BD18 /* Runovation_iOS-Info.plist */ = {isa = PBXFileReference; lastKnownFileType = text.plist.xml; path = "Runovation_iOS-Info.plist"; sourceTree = "<group>"; };
		327EACA419009FC90013BD18 /* en */ = {isa = PBXFileReference; lastKnownFileType = text.plist.strings; name = en; path = en.lproj/InfoPlist.strings; sourceTree = "<group>"; };
		327EACA619009FC90013BD18 /* main.m */ = {isa = PBXFileReference; lastKnownFileType = sourcecode.c.objc; path = main.m; sourceTree = "<group>"; };
		327EACA819009FC90013BD18 /* Runovation_iOS-Prefix.pch */ = {isa = PBXFileReference; lastKnownFileType = sourcecode.c.h; path = "Runovation_iOS-Prefix.pch"; sourceTree = "<group>"; };
		327EACA919009FC90013BD18 /* AppDelegate.h */ = {isa = PBXFileReference; lastKnownFileType = sourcecode.c.h; path = AppDelegate.h; sourceTree = "<group>"; };
		327EACAA19009FC90013BD18 /* AppDelegate.m */ = {isa = PBXFileReference; lastKnownFileType = sourcecode.c.objc; path = AppDelegate.m; sourceTree = "<group>"; };
		327EACAC19009FC90013BD18 /* Images.xcassets */ = {isa = PBXFileReference; lastKnownFileType = folder; path = Images.xcassets; sourceTree = "<group>"; };
		327EACB219009FC90013BD18 /* Runovation_iOSTests.xctest */ = {isa = PBXFileReference; explicitFileType = wrapper.cfbundle; includeInIndex = 0; path = Runovation_iOSTests.xctest; sourceTree = BUILT_PRODUCTS_DIR; };
		327EACB319009FC90013BD18 /* XCTest.framework */ = {isa = PBXFileReference; lastKnownFileType = wrapper.framework; name = XCTest.framework; path = Library/Frameworks/XCTest.framework; sourceTree = DEVELOPER_DIR; };
		327EACBB19009FC90013BD18 /* Runovation_iOSTests-Info.plist */ = {isa = PBXFileReference; lastKnownFileType = text.plist.xml; path = "Runovation_iOSTests-Info.plist"; sourceTree = "<group>"; };
		327EACBD19009FC90013BD18 /* en */ = {isa = PBXFileReference; lastKnownFileType = text.plist.strings; name = en; path = en.lproj/InfoPlist.strings; sourceTree = "<group>"; };
		327EACBF19009FC90013BD18 /* Runovation_iOSTests.m */ = {isa = PBXFileReference; lastKnownFileType = sourcecode.c.objc; path = Runovation_iOSTests.m; sourceTree = "<group>"; };
		328595AA1913130200367617 /* Default.png */ = {isa = PBXFileReference; lastKnownFileType = image.png; name = Default.png; path = ../../../../../../Users/timaramac/Desktop/Default.png; sourceTree = "<group>"; };
/* End PBXFileReference section */

/* Begin PBXFrameworksBuildPhase section */
		327EAC9419009FC90013BD18 /* Frameworks */ = {
			isa = PBXFrameworksBuildPhase;
			buildActionMask = 2147483647;
			files = (
				326CDE831913232E0061E215 /* QuartzCore.framework in Frameworks */,
				327EAC9D19009FC90013BD18 /* CoreGraphics.framework in Frameworks */,
				326CDE81191323280061E215 /* SystemConfiguration.framework in Frameworks */,
				326CDE6D191322E50061E215 /* FacebookSDK.framework in Frameworks */,
				326CDE6F191322F10061E215 /* Accounts.framework in Frameworks */,
				326CDE7A191323130061E215 /* AudioToolbox.framework in Frameworks */,
				326CDE80191323280061E215 /* Security.framework in Frameworks */,
				326CDE78191323130061E215 /* CoreLocation.framework in Frameworks */,
				326CDE85191323380061E215 /* libsqlite3.0.dylib in Frameworks */,
				327EAC9F19009FC90013BD18 /* UIKit.framework in Frameworks */,
				326CDE871913233D0061E215 /* libz.1.1.3.dylib in Frameworks */,
				326CDE7B191323130061E215 /* CFNetwork.framework in Frameworks */,
				326CDE6B191321EF0061E215 /* Parse.framework in Frameworks */,
				326CDE7F191323280061E215 /* MobileCoreServices.framework in Frameworks */,
				327EAC9B19009FC90013BD18 /* Foundation.framework in Frameworks */,
				326CDE79191323130061E215 /* StoreKit.framework in Frameworks */,
				326CDE71191322F70061E215 /* AdSupport.framework in Frameworks */,
				326CDE77191323130061E215 /* Social.framework in Frameworks */,
			);
			runOnlyForDeploymentPostprocessing = 0;
		};
		327EACAF19009FC90013BD18 /* Frameworks */ = {
			isa = PBXFrameworksBuildPhase;
			buildActionMask = 2147483647;
			files = (
				327EACB419009FC90013BD18 /* XCTest.framework in Frameworks */,
				327EACB619009FC90013BD18 /* UIKit.framework in Frameworks */,
				327EACB519009FC90013BD18 /* Foundation.framework in Frameworks */,
			);
			runOnlyForDeploymentPostprocessing = 0;
		};
/* End PBXFrameworksBuildPhase section */

/* Begin PBXGroup section */
		327EAC8E19009FC90013BD18 = {
			isa = PBXGroup;
			children = (
				326CDE6819131FBC0061E215 /* Storyboard.storyboard */,
				327EACA019009FC90013BD18 /* Runovation_iOS */,
				327EACB919009FC90013BD18 /* Runovation_iOSTests */,
				327EAC9919009FC90013BD18 /* Frameworks */,
				327EAC9819009FC90013BD18 /* Products */,
			);
			sourceTree = "<group>";
		};
		327EAC9819009FC90013BD18 /* Products */ = {
			isa = PBXGroup;
			children = (
				327EAC9719009FC90013BD18 /* Runovation_iOS.app */,
				327EACB219009FC90013BD18 /* Runovation_iOSTests.xctest */,
			);
			name = Products;
			sourceTree = "<group>";
		};
		327EAC9919009FC90013BD18 /* Frameworks */ = {
			isa = PBXGroup;
			children = (
				326CDE861913233D0061E215 /* libz.1.1.3.dylib */,
				326CDE84191323380061E215 /* libsqlite3.0.dylib */,
				326CDE821913232E0061E215 /* QuartzCore.framework */,
				326CDE7C191323280061E215 /* MobileCoreServices.framework */,
				326CDE7D191323280061E215 /* Security.framework */,
				326CDE7E191323280061E215 /* SystemConfiguration.framework */,
				326CDE72191323130061E215 /* Social.framework */,
				326CDE73191323130061E215 /* CoreLocation.framework */,
				326CDE74191323130061E215 /* StoreKit.framework */,
				326CDE75191323130061E215 /* AudioToolbox.framework */,
				326CDE76191323130061E215 /* CFNetwork.framework */,
				326CDE70191322F70061E215 /* AdSupport.framework */,
				326CDE6E191322F10061E215 /* Accounts.framework */,
				326CDE6C191322E50061E215 /* FacebookSDK.framework */,
				326CDE6A191321EE0061E215 /* Parse.framework */,
				327EAC9A19009FC90013BD18 /* Foundation.framework */,
				327EAC9C19009FC90013BD18 /* CoreGraphics.framework */,
				327EAC9E19009FC90013BD18 /* UIKit.framework */,
				327EACB319009FC90013BD18 /* XCTest.framework */,
			);
			name = Frameworks;
			sourceTree = "<group>";
		};
		327EACA019009FC90013BD18 /* Runovation_iOS */ = {
			isa = PBXGroup;
			children = (
				328595AA1913130200367617 /* Default.png */,
				327EACA919009FC90013BD18 /* AppDelegate.h */,
				327EACAA19009FC90013BD18 /* AppDelegate.m */,
				326CDE881913235F0061E215 /* DemoTableViewController.h */,
				326CDE891913235F0061E215 /* DemoTableViewController.m */,
				327EACAC19009FC90013BD18 /* Images.xcassets */,
				327EACA119009FC90013BD18 /* Supporting Files */,
			);
			path = Runovation_iOS;
			sourceTree = "<group>";
		};
		327EACA119009FC90013BD18 /* Supporting Files */ = {
			isa = PBXGroup;
			children = (
				327EACA219009FC90013BD18 /* Runovation_iOS-Info.plist */,
				327EACA319009FC90013BD18 /* InfoPlist.strings */,
				327EACA619009FC90013BD18 /* main.m */,
				327EACA819009FC90013BD18 /* Runovation_iOS-Prefix.pch */,
			);
			name = "Supporting Files";
			sourceTree = "<group>";
		};
		327EACB919009FC90013BD18 /* Runovation_iOSTests */ = {
			isa = PBXGroup;
			children = (
				327EACBF19009FC90013BD18 /* Runovation_iOSTests.m */,
				327EACBA19009FC90013BD18 /* Supporting Files */,
			);
			path = Runovation_iOSTests;
			sourceTree = "<group>";
		};
		327EACBA19009FC90013BD18 /* Supporting Files */ = {
			isa = PBXGroup;
			children = (
				327EACBB19009FC90013BD18 /* Runovation_iOSTests-Info.plist */,
				327EACBC19009FC90013BD18 /* InfoPlist.strings */,
			);
			name = "Supporting Files";
			sourceTree = "<group>";
		};
/* End PBXGroup section */

/* Begin PBXNativeTarget section */
		327EAC9619009FC90013BD18 /* Runovation_iOS */ = {
			isa = PBXNativeTarget;
			buildConfigurationList = 327EACC319009FC90013BD18 /* Build configuration list for PBXNativeTarget "Runovation_iOS" */;
			buildPhases = (
				327EAC9319009FC90013BD18 /* Sources */,
				327EAC9419009FC90013BD18 /* Frameworks */,
				327EAC9519009FC90013BD18 /* Resources */,
			);
			buildRules = (
			);
			dependencies = (
			);
			name = Runovation_iOS;
			productName = Runovation_iOS;
			productReference = 327EAC9719009FC90013BD18 /* Runovation_iOS.app */;
			productType = "com.apple.product-type.application";
		};
		327EACB119009FC90013BD18 /* Runovation_iOSTests */ = {
			isa = PBXNativeTarget;
			buildConfigurationList = 327EACC619009FC90013BD18 /* Build configuration list for PBXNativeTarget "Runovation_iOSTests" */;
			buildPhases = (
				327EACAE19009FC90013BD18 /* Sources */,
				327EACAF19009FC90013BD18 /* Frameworks */,
				327EACB019009FC90013BD18 /* Resources */,
			);
			buildRules = (
			);
			dependencies = (
				327EACB819009FC90013BD18 /* PBXTargetDependency */,
			);
			name = Runovation_iOSTests;
			productName = Runovation_iOSTests;
			productReference = 327EACB219009FC90013BD18 /* Runovation_iOSTests.xctest */;
			productType = "com.apple.product-type.bundle.unit-test";
		};
/* End PBXNativeTarget section */

/* Begin PBXProject section */
		327EAC8F19009FC90013BD18 /* Project object */ = {
			isa = PBXProject;
			attributes = {
				LastUpgradeCheck = 0510;
				ORGANIZATIONNAME = Runovation;
				TargetAttributes = {
					327EACB119009FC90013BD18 = {
						TestTargetID = 327EAC9619009FC90013BD18;
					};
				};
			};
			buildConfigurationList = 327EAC9219009FC90013BD18 /* Build configuration list for PBXProject "Runovation_iOS" */;
			compatibilityVersion = "Xcode 3.1";
			developmentRegion = English;
			hasScannedForEncodings = 0;
			knownRegions = (
				en,
			);
			mainGroup = 327EAC8E19009FC90013BD18;
			productRefGroup = 327EAC9819009FC90013BD18 /* Products */;
			projectDirPath = "";
			projectRoot = "";
			targets = (
				327EAC9619009FC90013BD18 /* Runovation_iOS */,
				327EACB119009FC90013BD18 /* Runovation_iOSTests */,
			);
		};
/* End PBXProject section */

/* Begin PBXResourcesBuildPhase section */
		327EAC9519009FC90013BD18 /* Resources */ = {
			isa = PBXResourcesBuildPhase;
			buildActionMask = 2147483647;
			files = (
				327EACA519009FC90013BD18 /* InfoPlist.strings in Resources */,
				326CDE6919131FBC0061E215 /* Storyboard.storyboard in Resources */,
				328595AB1913130200367617 /* Default.png in Resources */,
				327EACAD19009FC90013BD18 /* Images.xcassets in Resources */,
			);
			runOnlyForDeploymentPostprocessing = 0;
		};
		327EACB019009FC90013BD18 /* Resources */ = {
			isa = PBXResourcesBuildPhase;
			buildActionMask = 2147483647;
			files = (
				327EACBE19009FC90013BD18 /* InfoPlist.strings in Resources */,
			);
			runOnlyForDeploymentPostprocessing = 0;
		};
/* End PBXResourcesBuildPhase section */

/* Begin PBXSourcesBuildPhase section */
		327EAC9319009FC90013BD18 /* Sources */ = {
			isa = PBXSourcesBuildPhase;
			buildActionMask = 2147483647;
			files = (
				326CDE8A1913235F0061E215 /* DemoTableViewController.m in Sources */,
				327EACAB19009FC90013BD18 /* AppDelegate.m in Sources */,
				327EACA719009FC90013BD18 /* main.m in Sources */,
			);
			runOnlyForDeploymentPostprocessing = 0;
		};
		327EACAE19009FC90013BD18 /* Sources */ = {
			isa = PBXSourcesBuildPhase;
			buildActionMask = 2147483647;
			files = (
				327EACC019009FC90013BD18 /* Runovation_iOSTests.m in Sources */,
			);
			runOnlyForDeploymentPostprocessing = 0;
		};
/* End PBXSourcesBuildPhase section */

/* Begin PBXTargetDependency section */
		327EACB819009FC90013BD18 /* PBXTargetDependency */ = {
			isa = PBXTargetDependency;
			target = 327EAC9619009FC90013BD18 /* Runovation_iOS */;
			targetProxy = 327EACB719009FC90013BD18 /* PBXContainerItemProxy */;
		};
/* End PBXTargetDependency section */

/* Begin PBXVariantGroup section */
		327EACA319009FC90013BD18 /* InfoPlist.strings */ = {
			isa = PBXVariantGroup;
			children = (
				327EACA419009FC90013BD18 /* en */,
			);
			name = InfoPlist.strings;
			sourceTree = "<group>";
		};
		327EACBC19009FC90013BD18 /* InfoPlist.strings */ = {
			isa = PBXVariantGroup;
			children = (
				327EACBD19009FC90013BD18 /* en */,
			);
			name = InfoPlist.strings;
			sourceTree = "<group>";
		};
/* End PBXVariantGroup section */

/* Begin XCBuildConfiguration section */
		327EACC119009FC90013BD18 /* Debug */ = {
			isa = XCBuildConfiguration;
			buildSettings = {
				ALWAYS_SEARCH_USER_PATHS = NO;
				CLANG_CXX_LANGUAGE_STANDARD = "gnu++0x";
				CLANG_CXX_LIBRARY = "libc++";
				CLANG_ENABLE_MODULES = YES;
				CLANG_ENABLE_OBJC_ARC = YES;
				CLANG_WARN_BOOL_CONVERSION = YES;
				CLANG_WARN_CONSTANT_CONVERSION = YES;
				CLANG_WARN_DIRECT_OBJC_ISA_USAGE = YES_ERROR;
				CLANG_WARN_EMPTY_BODY = YES;
				CLANG_WARN_ENUM_CONVERSION = YES;
				CLANG_WARN_INT_CONVERSION = YES;
				CLANG_WARN_OBJC_ROOT_CLASS = YES_ERROR;
				CLANG_WARN__DUPLICATE_METHOD_MATCH = YES;
				"CODE_SIGN_IDENTITY[sdk=iphoneos*]" = "iPhone Developer";
				COPY_PHASE_STRIP = NO;
				GCC_C_LANGUAGE_STANDARD = gnu99;
				GCC_DYNAMIC_NO_PIC = NO;
				GCC_OPTIMIZATION_LEVEL = 0;
				GCC_PREPROCESSOR_DEFINITIONS = (
					"DEBUG=1",
					"$(inherited)",
				);
				GCC_SYMBOLS_PRIVATE_EXTERN = NO;
				GCC_WARN_64_TO_32_BIT_CONVERSION = YES;
				GCC_WARN_ABOUT_RETURN_TYPE = YES_ERROR;
				GCC_WARN_UNDECLARED_SELECTOR = YES;
				GCC_WARN_UNINITIALIZED_AUTOS = YES_AGGRESSIVE;
				GCC_WARN_UNUSED_FUNCTION = YES;
				GCC_WARN_UNUSED_VARIABLE = YES;
				IPHONEOS_DEPLOYMENT_TARGET = 7.1;
				ONLY_ACTIVE_ARCH = YES;
				SDKROOT = iphoneos;
				TARGETED_DEVICE_FAMILY = "1,2";
			};
			name = Debug;
		};
		327EACC219009FC90013BD18 /* Release */ = {
			isa = XCBuildConfiguration;
			buildSettings = {
				ALWAYS_SEARCH_USER_PATHS = NO;
				CLANG_CXX_LANGUAGE_STANDARD = "gnu++0x";
				CLANG_CXX_LIBRARY = "libc++";
				CLANG_ENABLE_MODULES = YES;
				CLANG_ENABLE_OBJC_ARC = YES;
				CLANG_WARN_BOOL_CONVERSION = YES;
				CLANG_WARN_CONSTANT_CONVERSION = YES;
				CLANG_WARN_DIRECT_OBJC_ISA_USAGE = YES_ERROR;
				CLANG_WARN_EMPTY_BODY = YES;
				CLANG_WARN_ENUM_CONVERSION = YES;
				CLANG_WARN_INT_CONVERSION = YES;
				CLANG_WARN_OBJC_ROOT_CLASS = YES_ERROR;
				CLANG_WARN__DUPLICATE_METHOD_MATCH = YES;
				"CODE_SIGN_IDENTITY[sdk=iphoneos*]" = "iPhone Developer";
				COPY_PHASE_STRIP = YES;
				ENABLE_NS_ASSERTIONS = NO;
				GCC_C_LANGUAGE_STANDARD = gnu99;
				GCC_WARN_64_TO_32_BIT_CONVERSION = YES;
				GCC_WARN_ABOUT_RETURN_TYPE = YES_ERROR;
				GCC_WARN_UNDECLARED_SELECTOR = YES;
				GCC_WARN_UNINITIALIZED_AUTOS = YES_AGGRESSIVE;
				GCC_WARN_UNUSED_FUNCTION = YES;
				GCC_WARN_UNUSED_VARIABLE = YES;
				IPHONEOS_DEPLOYMENT_TARGET = 7.1;
				SDKROOT = iphoneos;
				TARGETED_DEVICE_FAMILY = "1,2";
				VALIDATE_PRODUCT = YES;
			};
			name = Release;
		};
		327EACC419009FC90013BD18 /* Debug */ = {
			isa = XCBuildConfiguration;
			buildSettings = {
				ASSETCATALOG_COMPILER_APPICON_NAME = AppIcon;
				ASSETCATALOG_COMPILER_LAUNCHIMAGE_NAME = LaunchImage;
				"CODE_SIGN_IDENTITY[sdk=iphoneos*]" = "iPhone Developer";
				FRAMEWORK_SEARCH_PATHS = (
					"$(inherited)",
					/Volumes/User,
					A/Eli,
					Stine,
					/Volumes/User,
					A/Eli,
					Stine/Runovation_iOS,
					/Volumes/User,
					A/Eli,
					"Stine/Runovation_iOS/ParsePlatform-LoginAndSignUpTutorial-0710943",
				);
				GCC_PRECOMPILE_PREFIX_HEADER = YES;
				GCC_PREFIX_HEADER = "Runovation_iOS/Runovation_iOS-Prefix.pch";
				INFOPLIST_FILE = "Runovation_iOS/Runovation_iOS-Info.plist";
				IPHONEOS_DEPLOYMENT_TARGET = 7.1;
				PRODUCT_NAME = "$(TARGET_NAME)";
				TARGETED_DEVICE_FAMILY = 1;
				WRAPPER_EXTENSION = app;
			};
			name = Debug;
		};
		327EACC519009FC90013BD18 /* Release */ = {
			isa = XCBuildConfiguration;
			buildSettings = {
				ASSETCATALOG_COMPILER_APPICON_NAME = AppIcon;
				ASSETCATALOG_COMPILER_LAUNCHIMAGE_NAME = LaunchImage;
				"CODE_SIGN_IDENTITY[sdk=iphoneos*]" = "iPhone Developer";
				FRAMEWORK_SEARCH_PATHS = (
					"$(inherited)",
					/Volumes/User,
					A/Eli,
					Stine,
					/Volumes/User,
					A/Eli,
					Stine/Runovation_iOS,
					/Volumes/User,
					A/Eli,
					"Stine/Runovation_iOS/ParsePlatform-LoginAndSignUpTutorial-0710943",
				);
				GCC_PRECOMPILE_PREFIX_HEADER = YES;
				GCC_PREFIX_HEADER = "Runovation_iOS/Runovation_iOS-Prefix.pch";
				INFOPLIST_FILE = "Runovation_iOS/Runovation_iOS-Info.plist";
				IPHONEOS_DEPLOYMENT_TARGET = 7.1;
				PRODUCT_NAME = "$(TARGET_NAME)";
				TARGETED_DEVICE_FAMILY = 1;
				WRAPPER_EXTENSION = app;
			};
			name = Release;
		};
		327EACC719009FC90013BD18 /* Debug */ = {
			isa = XCBuildConfiguration;
			buildSettings = {
				BUNDLE_LOADER = "$(BUILT_PRODUCTS_DIR)/Runovation_iOS.app/Runovation_iOS";
				FRAMEWORK_SEARCH_PATHS = (
					"$(SDKROOT)/Developer/Library/Frameworks",
					"$(inherited)",
					"$(DEVELOPER_FRAMEWORKS_DIR)",
				);
				GCC_PRECOMPILE_PREFIX_HEADER = YES;
				GCC_PREFIX_HEADER = "Runovation_iOS/Runovation_iOS-Prefix.pch";
				GCC_PREPROCESSOR_DEFINITIONS = (
					"DEBUG=1",
					"$(inherited)",
				);
				INFOPLIST_FILE = "Runovation_iOSTests/Runovation_iOSTests-Info.plist";
				PRODUCT_NAME = "$(TARGET_NAME)";
				TEST_HOST = "$(BUNDLE_LOADER)";
				WRAPPER_EXTENSION = xctest;
			};
			name = Debug;
		};
		327EACC819009FC90013BD18 /* Release */ = {
			isa = XCBuildConfiguration;
			buildSettings = {
				BUNDLE_LOADER = "$(BUILT_PRODUCTS_DIR)/Runovation_iOS.app/Runovation_iOS";
				FRAMEWORK_SEARCH_PATHS = (
					"$(SDKROOT)/Developer/Library/Frameworks",
					"$(inherited)",
					"$(DEVELOPER_FRAMEWORKS_DIR)",
				);
				GCC_PRECOMPILE_PREFIX_HEADER = YES;
				GCC_PREFIX_HEADER = "Runovation_iOS/Runovation_iOS-Prefix.pch";
				INFOPLIST_FILE = "Runovation_iOSTests/Runovation_iOSTests-Info.plist";
				PRODUCT_NAME = "$(TARGET_NAME)";
				TEST_HOST = "$(BUNDLE_LOADER)";
				WRAPPER_EXTENSION = xctest;
			};
			name = Release;
		};
/* End XCBuildConfiguration section */

/* Begin XCConfigurationList section */
		327EAC9219009FC90013BD18 /* Build configuration list for PBXProject "Runovation_iOS" */ = {
			isa = XCConfigurationList;
			buildConfigurations = (
				327EACC119009FC90013BD18 /* Debug */,
				327EACC219009FC90013BD18 /* Release */,
			);
			defaultConfigurationIsVisible = 0;
			defaultConfigurationName = Release;
		};
		327EACC319009FC90013BD18 /* Build configuration list for PBXNativeTarget "Runovation_iOS" */ = {
			isa = XCConfigurationList;
			buildConfigurations = (
				327EACC419009FC90013BD18 /* Debug */,
				327EACC519009FC90013BD18 /* Release */,
			);
			defaultConfigurationIsVisible = 0;
			defaultConfigurationName = Release;
		};
		327EACC619009FC90013BD18 /* Build configuration list for PBXNativeTarget "Runovation_iOSTests" */ = {
			isa = XCConfigurationList;
			buildConfigurations = (
				327EACC719009FC90013BD18 /* Debug */,
				327EACC819009FC90013BD18 /* Release */,
			);
			defaultConfigurationIsVisible = 0;
			defaultConfigurationName = Release;
		};
/* End XCConfigurationList section */
	};
	rootObject = 327EAC8F19009FC90013BD18 /* Project object */;
}
