// !$*UTF8*$!
{
	archiveVersion = 1;
	classes = {
	};
	objectVersion = 46;
	objects = {

/* Begin PBXBuildFile section */
		0EF96D3A197068FB008719B9 /* 1.jpg in Resources */ = {isa = PBXBuildFile; fileRef = 0EF96D1B197068FB008719B9 /* 1.jpg */; };
		0EF96D3B197068FB008719B9 /* 2.png in Resources */ = {isa = PBXBuildFile; fileRef = 0EF96D1C197068FB008719B9 /* 2.png */; };
		0EF96D3C197068FB008719B9 /* Default-568h@2x.png in Resources */ = {isa = PBXBuildFile; fileRef = 0EF96D1F197068FB008719B9 /* Default-568h@2x.png */; };
		0EF96D3D197068FB008719B9 /* Default.png in Resources */ = {isa = PBXBuildFile; fileRef = 0EF96D20197068FB008719B9 /* Default.png */; };
		0EF96D3E197068FB008719B9 /* Default@2x.png in Resources */ = {isa = PBXBuildFile; fileRef = 0EF96D21197068FB008719B9 /* Default@2x.png */; };
		0EF96D3F197068FB008719B9 /* InfoPlist.strings in Resources */ = {isa = PBXBuildFile; fileRef = 0EF96D22197068FB008719B9 /* InfoPlist.strings */; };
		0EF96D40197068FB008719B9 /* MainStoryboard.storyboard in Resources */ = {isa = PBXBuildFile; fileRef = 0EF96D24197068FB008719B9 /* MainStoryboard.storyboard */; };
		0EF96D42197068FB008719B9 /* MPAppDelegate.m in Sources */ = {isa = PBXBuildFile; fileRef = 0EF96D28197068FB008719B9 /* MPAppDelegate.m */; };
		0EF96D43197068FB008719B9 /* MusicPlayer-Info.plist in Resources */ = {isa = PBXBuildFile; fileRef = 0EF96D29197068FB008719B9 /* MusicPlayer-Info.plist */; };
		0EF96D44197068FB008719B9 /* MVViewController.m in Sources */ = {isa = PBXBuildFile; fileRef = 0EF96D2C197068FB008719B9 /* MVViewController.m */; };
		0EF96D45197068FB008719B9 /* pause_button.png in Resources */ = {isa = PBXBuildFile; fileRef = 0EF96D2D197068FB008719B9 /* pause_button.png */; };
		0EF96D46197068FB008719B9 /* pause_button@2x.png in Resources */ = {isa = PBXBuildFile; fileRef = 0EF96D2E197068FB008719B9 /* pause_button@2x.png */; };
		0EF96D47197068FB008719B9 /* play_button.png in Resources */ = {isa = PBXBuildFile; fileRef = 0EF96D2F197068FB008719B9 /* play_button.png */; };
		0EF96D48197068FB008719B9 /* play_button@2x.png in Resources */ = {isa = PBXBuildFile; fileRef = 0EF96D30197068FB008719B9 /* play_button@2x.png */; };
		0EF96D49197068FB008719B9 /* MusicPlayer Resources.zip in Resources */ = {isa = PBXBuildFile; fileRef = 0EF96D34197068FB008719B9 /* MusicPlayer Resources.zip */; };
		0EF96D4A197068FB008719B9 /* pause_button.png in Resources */ = {isa = PBXBuildFile; fileRef = 0EF96D35197068FB008719B9 /* pause_button.png */; };
		0EF96D4B197068FB008719B9 /* pause_button@2x.png in Resources */ = {isa = PBXBuildFile; fileRef = 0EF96D36197068FB008719B9 /* pause_button@2x.png */; };
		0EF96D4C197068FB008719B9 /* photo.PNG in Resources */ = {isa = PBXBuildFile; fileRef = 0EF96D37197068FB008719B9 /* photo.PNG */; };
		0EF96D4D197068FB008719B9 /* play_button.png in Resources */ = {isa = PBXBuildFile; fileRef = 0EF96D38197068FB008719B9 /* play_button.png */; };
		0EF96D4E197068FB008719B9 /* play_button@2x.png in Resources */ = {isa = PBXBuildFile; fileRef = 0EF96D39197068FB008719B9 /* play_button@2x.png */; };
		0EF96D8719706B39008719B9 /* AudioTapProcessor-Info.plist in Resources */ = {isa = PBXBuildFile; fileRef = 0EF96D5419706B39008719B9 /* AudioTapProcessor-Info.plist */; };
		0EF96D8819706B39008719B9 /* Default-Landscape.png in Resources */ = {isa = PBXBuildFile; fileRef = 0EF96D5619706B39008719B9 /* Default-Landscape.png */; };
		0EF96D8919706B39008719B9 /* Default-Landscape@2x.png in Resources */ = {isa = PBXBuildFile; fileRef = 0EF96D5719706B39008719B9 /* Default-Landscape@2x.png */; };
		0EF96D8A19706B39008719B9 /* Default-Portrait.png in Resources */ = {isa = PBXBuildFile; fileRef = 0EF96D5819706B39008719B9 /* Default-Portrait.png */; };
		0EF96D8B19706B39008719B9 /* Default-Portrait@2x.png in Resources */ = {isa = PBXBuildFile; fileRef = 0EF96D5919706B39008719B9 /* Default-Portrait@2x.png */; };
		0EF96D8C19706B39008719B9 /* InfoPlist.strings in Resources */ = {isa = PBXBuildFile; fileRef = 0EF96D5A19706B39008719B9 /* InfoPlist.strings */; };
		0EF96D8D19706B39008719B9 /* MainStoryboard.storyboard in Resources */ = {isa = PBXBuildFile; fileRef = 0EF96D5C19706B39008719B9 /* MainStoryboard.storyboard */; };
		0EF96D8E19706B39008719B9 /* Icon-72.png in Resources */ = {isa = PBXBuildFile; fileRef = 0EF96D5E19706B39008719B9 /* Icon-72.png */; };
		0EF96D8F19706B39008719B9 /* Icon-72@2x.png in Resources */ = {isa = PBXBuildFile; fileRef = 0EF96D5F19706B39008719B9 /* Icon-72@2x.png */; };
		0EF96D9019706B39008719B9 /* Icon-Small-50.png in Resources */ = {isa = PBXBuildFile; fileRef = 0EF96D6019706B39008719B9 /* Icon-Small-50.png */; };
		0EF96D9119706B39008719B9 /* Icon-Small-50@2x.png in Resources */ = {isa = PBXBuildFile; fileRef = 0EF96D6119706B39008719B9 /* Icon-Small-50@2x.png */; };
		0EF96D9219706B39008719B9 /* Icon-Small.png in Resources */ = {isa = PBXBuildFile; fileRef = 0EF96D6219706B39008719B9 /* Icon-Small.png */; };
		0EF96D9319706B39008719B9 /* Icon-Small@2x.png in Resources */ = {isa = PBXBuildFile; fileRef = 0EF96D6319706B39008719B9 /* Icon-Small@2x.png */; };
		0EF96D9419706B39008719B9 /* iTunesArtwork.png in Resources */ = {isa = PBXBuildFile; fileRef = 0EF96D6419706B39008719B9 /* iTunesArtwork.png */; };
		0EF96D9519706B39008719B9 /* iTunesArtwork@2x.png in Resources */ = {isa = PBXBuildFile; fileRef = 0EF96D6519706B39008719B9 /* iTunesArtwork@2x.png */; };
		0EF96D9719706B39008719B9 /* MYAppDelegate.m in Sources */ = {isa = PBXBuildFile; fileRef = 0EF96D6819706B39008719B9 /* MYAppDelegate.m */; };
		0EF96D9819706B39008719B9 /* MYAudioTapProcessor.m in Sources */ = {isa = PBXBuildFile; fileRef = 0EF96D6A19706B39008719B9 /* MYAudioTapProcessor.m */; };
		0EF96D9919706B39008719B9 /* MYGradientView.m in Sources */ = {isa = PBXBuildFile; fileRef = 0EF96D6C19706B39008719B9 /* MYGradientView.m */; };
		0EF96D9A19706B39008719B9 /* MYPlayerView.m in Sources */ = {isa = PBXBuildFile; fileRef = 0EF96D6E19706B39008719B9 /* MYPlayerView.m */; };
		0EF96D9B19706B39008719B9 /* MYSettingsViewController.m in Sources */ = {isa = PBXBuildFile; fileRef = 0EF96D7019706B39008719B9 /* MYSettingsViewController.m */; };
		0EF96D9C19706B39008719B9 /* MYViewController.m in Sources */ = {isa = PBXBuildFile; fileRef = 0EF96D7219706B39008719B9 /* MYViewController.m */; };
		0EF96D9D19706B39008719B9 /* MYVolumeUnitMeterView.m in Sources */ = {isa = PBXBuildFile; fileRef = 0EF96D7419706B39008719B9 /* MYVolumeUnitMeterView.m */; };
		0EF96D9E19706B39008719B9 /* PauseButton.png in Resources */ = {isa = PBXBuildFile; fileRef = 0EF96D7519706B39008719B9 /* PauseButton.png */; };
		0EF96D9F19706B39008719B9 /* PauseButton@2x.png in Resources */ = {isa = PBXBuildFile; fileRef = 0EF96D7619706B39008719B9 /* PauseButton@2x.png */; };
		0EF96DA019706B39008719B9 /* PlaybackControlsBarShadow.png in Resources */ = {isa = PBXBuildFile; fileRef = 0EF96D7719706B39008719B9 /* PlaybackControlsBarShadow.png */; };
		0EF96DA119706B39008719B9 /* PlaybackControlsBarShadow@2x.png in Resources */ = {isa = PBXBuildFile; fileRef = 0EF96D7819706B39008719B9 /* PlaybackControlsBarShadow@2x.png */; };
		0EF96DA219706B39008719B9 /* PlayButton.png in Resources */ = {isa = PBXBuildFile; fileRef = 0EF96D7919706B39008719B9 /* PlayButton.png */; };
		0EF96DA319706B39008719B9 /* PlayButton@2x.png in Resources */ = {isa = PBXBuildFile; fileRef = 0EF96D7A19706B39008719B9 /* PlayButton@2x.png */; };
		0EF96DA419706B39008719B9 /* SettingsButton.png in Resources */ = {isa = PBXBuildFile; fileRef = 0EF96D7B19706B39008719B9 /* SettingsButton.png */; };
		0EF96DA519706B39008719B9 /* SettingsButton@2x.png in Resources */ = {isa = PBXBuildFile; fileRef = 0EF96D7C19706B39008719B9 /* SettingsButton@2x.png */; };
		0EF96DA619706B39008719B9 /* VUMeterBackground.png in Resources */ = {isa = PBXBuildFile; fileRef = 0EF96D7D19706B39008719B9 /* VUMeterBackground.png */; };
		0EF96DA719706B39008719B9 /* VUMeterBackground@2x.png in Resources */ = {isa = PBXBuildFile; fileRef = 0EF96D7E19706B39008719B9 /* VUMeterBackground@2x.png */; };
		0EF96DA819706B39008719B9 /* VUMeterForeground.png in Resources */ = {isa = PBXBuildFile; fileRef = 0EF96D7F19706B39008719B9 /* VUMeterForeground.png */; };
		0EF96DA919706B39008719B9 /* VUMeterForeground@2x.png in Resources */ = {isa = PBXBuildFile; fileRef = 0EF96D8019706B39008719B9 /* VUMeterForeground@2x.png */; };
		0EF96DAA19706B39008719B9 /* VUMeterNeedle.png in Resources */ = {isa = PBXBuildFile; fileRef = 0EF96D8119706B39008719B9 /* VUMeterNeedle.png */; };
		0EF96DAB19706B39008719B9 /* VUMeterNeedle@2x.png in Resources */ = {isa = PBXBuildFile; fileRef = 0EF96D8219706B39008719B9 /* VUMeterNeedle@2x.png */; };
		0EF96DAC19706B39008719B9 /* ReadMe.txt in Resources */ = {isa = PBXBuildFile; fileRef = 0EF96D8619706B39008719B9 /* ReadMe.txt */; };
		321D21AC19197B620043C6E2 /* Foundation.framework in Frameworks */ = {isa = PBXBuildFile; fileRef = 321D21AB19197B620043C6E2 /* Foundation.framework */; };
		321D21AE19197B620043C6E2 /* CoreGraphics.framework in Frameworks */ = {isa = PBXBuildFile; fileRef = 321D21AD19197B620043C6E2 /* CoreGraphics.framework */; };
		321D21B019197B620043C6E2 /* UIKit.framework in Frameworks */ = {isa = PBXBuildFile; fileRef = 321D21AF19197B620043C6E2 /* UIKit.framework */; };
		321D21B619197B620043C6E2 /* InfoPlist.strings in Resources */ = {isa = PBXBuildFile; fileRef = 321D21B419197B620043C6E2 /* InfoPlist.strings */; };
		321D21B819197B620043C6E2 /* main.m in Sources */ = {isa = PBXBuildFile; fileRef = 321D21B719197B620043C6E2 /* main.m */; };
		321D21BC19197B620043C6E2 /* AppDelegate.m in Sources */ = {isa = PBXBuildFile; fileRef = 321D21BB19197B620043C6E2 /* AppDelegate.m */; };
		321D21BE19197B620043C6E2 /* Images.xcassets in Resources */ = {isa = PBXBuildFile; fileRef = 321D21BD19197B620043C6E2 /* Images.xcassets */; };
		321D21C519197B620043C6E2 /* XCTest.framework in Frameworks */ = {isa = PBXBuildFile; fileRef = 321D21C419197B620043C6E2 /* XCTest.framework */; };
		321D21C619197B620043C6E2 /* Foundation.framework in Frameworks */ = {isa = PBXBuildFile; fileRef = 321D21AB19197B620043C6E2 /* Foundation.framework */; };
		321D21C719197B630043C6E2 /* UIKit.framework in Frameworks */ = {isa = PBXBuildFile; fileRef = 321D21AF19197B620043C6E2 /* UIKit.framework */; };
		321D21CF19197B630043C6E2 /* InfoPlist.strings in Resources */ = {isa = PBXBuildFile; fileRef = 321D21CD19197B630043C6E2 /* InfoPlist.strings */; };
		321D21D119197B630043C6E2 /* Runovation_iOSTests.m in Sources */ = {isa = PBXBuildFile; fileRef = 321D21D019197B630043C6E2 /* Runovation_iOSTests.m */; };
		321D21DB19197B7D0043C6E2 /* Main.storyboard in Resources */ = {isa = PBXBuildFile; fileRef = 321D21DA19197B7D0043C6E2 /* Main.storyboard */; };
		32C4FFBE1919D2FD00B8FC4C /* Default.png in Resources */ = {isa = PBXBuildFile; fileRef = 32C4FFBD1919D2FD00B8FC4C /* Default.png */; };
/* End PBXBuildFile section */

/* Begin PBXContainerItemProxy section */
		0EF96D50197068FB008719B9 /* PBXContainerItemProxy */ = {
			isa = PBXContainerItemProxy;
			containerPortal = 0EF96D31197068FB008719B9 /* MusicPlayer.xcodeproj */;
			proxyType = 2;
			remoteGlobalIDString = 1855A2DE17401ECE002EB2C7;
			remoteInfo = MusicPlayer;
		};
		0EF96DAE19706B39008719B9 /* PBXContainerItemProxy */ = {
			isa = PBXContainerItemProxy;
			containerPortal = 0EF96D8319706B39008719B9 /* AudioTapProcessor.xcodeproj */;
			proxyType = 2;
			remoteGlobalIDString = A667BAEB1576BFDE00C3E77F;
			remoteInfo = AudioTapProcessor;
		};
		321D21C819197B630043C6E2 /* PBXContainerItemProxy */ = {
			isa = PBXContainerItemProxy;
			containerPortal = 321D21A019197B620043C6E2 /* Project object */;
			proxyType = 1;
			remoteGlobalIDString = 321D21A719197B620043C6E2;
			remoteInfo = Runovation_iOS;
		};
/* End PBXContainerItemProxy section */

/* Begin PBXFileReference section */
		0EF96D1B197068FB008719B9 /* 1.jpg */ = {isa = PBXFileReference; lastKnownFileType = image.jpeg; path = 1.jpg; sourceTree = "<group>"; };
		0EF96D1C197068FB008719B9 /* 2.png */ = {isa = PBXFileReference; lastKnownFileType = image.png; path = 2.png; sourceTree = "<group>"; };
		0EF96D1F197068FB008719B9 /* Default-568h@2x.png */ = {isa = PBXFileReference; lastKnownFileType = image.png; path = "Default-568h@2x.png"; sourceTree = "<group>"; };
		0EF96D20197068FB008719B9 /* Default.png */ = {isa = PBXFileReference; lastKnownFileType = image.png; path = Default.png; sourceTree = "<group>"; };
		0EF96D21197068FB008719B9 /* Default@2x.png */ = {isa = PBXFileReference; lastKnownFileType = image.png; path = "Default@2x.png"; sourceTree = "<group>"; };
		0EF96D23197068FB008719B9 /* en */ = {isa = PBXFileReference; lastKnownFileType = text.plist.strings; name = en; path = en.lproj/InfoPlist.strings; sourceTree = "<group>"; };
		0EF96D25197068FB008719B9 /* en */ = {isa = PBXFileReference; lastKnownFileType = file.storyboard; name = en; path = en.lproj/MainStoryboard.storyboard; sourceTree = "<group>"; };
		0EF96D27197068FB008719B9 /* MPAppDelegate.h */ = {isa = PBXFileReference; fileEncoding = 4; lastKnownFileType = sourcecode.c.h; path = MPAppDelegate.h; sourceTree = "<group>"; };
		0EF96D28197068FB008719B9 /* MPAppDelegate.m */ = {isa = PBXFileReference; fileEncoding = 4; lastKnownFileType = sourcecode.c.objc; path = MPAppDelegate.m; sourceTree = "<group>"; };
		0EF96D29197068FB008719B9 /* MusicPlayer-Info.plist */ = {isa = PBXFileReference; fileEncoding = 4; lastKnownFileType = text.plist.xml; path = "MusicPlayer-Info.plist"; sourceTree = "<group>"; };
		0EF96D2A197068FB008719B9 /* MusicPlayer-Prefix.pch */ = {isa = PBXFileReference; fileEncoding = 4; lastKnownFileType = sourcecode.c.h; path = "MusicPlayer-Prefix.pch"; sourceTree = "<group>"; };
		0EF96D2B197068FB008719B9 /* MVViewController.h */ = {isa = PBXFileReference; fileEncoding = 4; lastKnownFileType = sourcecode.c.h; path = MVViewController.h; sourceTree = "<group>"; };
		0EF96D2C197068FB008719B9 /* MVViewController.m */ = {isa = PBXFileReference; fileEncoding = 4; lastKnownFileType = sourcecode.c.objc; path = MVViewController.m; sourceTree = "<group>"; };
		0EF96D2D197068FB008719B9 /* pause_button.png */ = {isa = PBXFileReference; lastKnownFileType = image.png; path = pause_button.png; sourceTree = "<group>"; };
		0EF96D2E197068FB008719B9 /* pause_button@2x.png */ = {isa = PBXFileReference; lastKnownFileType = image.png; path = "pause_button@2x.png"; sourceTree = "<group>"; };
		0EF96D2F197068FB008719B9 /* play_button.png */ = {isa = PBXFileReference; lastKnownFileType = image.png; path = play_button.png; sourceTree = "<group>"; };
		0EF96D30197068FB008719B9 /* play_button@2x.png */ = {isa = PBXFileReference; lastKnownFileType = image.png; path = "play_button@2x.png"; sourceTree = "<group>"; };
		0EF96D31197068FB008719B9 /* MusicPlayer.xcodeproj */ = {isa = PBXFileReference; lastKnownFileType = "wrapper.pb-project"; path = MusicPlayer.xcodeproj; sourceTree = "<group>"; };
		0EF96D34197068FB008719B9 /* MusicPlayer Resources.zip */ = {isa = PBXFileReference; lastKnownFileType = archive.zip; path = "MusicPlayer Resources.zip"; sourceTree = "<group>"; };
		0EF96D35197068FB008719B9 /* pause_button.png */ = {isa = PBXFileReference; lastKnownFileType = image.png; path = pause_button.png; sourceTree = "<group>"; };
		0EF96D36197068FB008719B9 /* pause_button@2x.png */ = {isa = PBXFileReference; lastKnownFileType = image.png; path = "pause_button@2x.png"; sourceTree = "<group>"; };
		0EF96D37197068FB008719B9 /* photo.PNG */ = {isa = PBXFileReference; lastKnownFileType = image.png; path = photo.PNG; sourceTree = "<group>"; };
		0EF96D38197068FB008719B9 /* play_button.png */ = {isa = PBXFileReference; lastKnownFileType = image.png; path = play_button.png; sourceTree = "<group>"; };
		0EF96D39197068FB008719B9 /* play_button@2x.png */ = {isa = PBXFileReference; lastKnownFileType = image.png; path = "play_button@2x.png"; sourceTree = "<group>"; };
		0EF96D5419706B39008719B9 /* AudioTapProcessor-Info.plist */ = {isa = PBXFileReference; fileEncoding = 4; lastKnownFileType = text.plist.xml; path = "AudioTapProcessor-Info.plist"; sourceTree = "<group>"; };
		0EF96D5519706B39008719B9 /* AudioTapProcessor-Prefix.pch */ = {isa = PBXFileReference; fileEncoding = 4; lastKnownFileType = sourcecode.c.h; path = "AudioTapProcessor-Prefix.pch"; sourceTree = "<group>"; };
		0EF96D5619706B39008719B9 /* Default-Landscape.png */ = {isa = PBXFileReference; lastKnownFileType = image.png; path = "Default-Landscape.png"; sourceTree = "<group>"; };
		0EF96D5719706B39008719B9 /* Default-Landscape@2x.png */ = {isa = PBXFileReference; lastKnownFileType = image.png; path = "Default-Landscape@2x.png"; sourceTree = "<group>"; };
		0EF96D5819706B39008719B9 /* Default-Portrait.png */ = {isa = PBXFileReference; lastKnownFileType = image.png; path = "Default-Portrait.png"; sourceTree = "<group>"; };
		0EF96D5919706B39008719B9 /* Default-Portrait@2x.png */ = {isa = PBXFileReference; lastKnownFileType = image.png; path = "Default-Portrait@2x.png"; sourceTree = "<group>"; };
		0EF96D5B19706B39008719B9 /* en */ = {isa = PBXFileReference; lastKnownFileType = text.plist.strings; name = en; path = en.lproj/InfoPlist.strings; sourceTree = "<group>"; };
		0EF96D5D19706B39008719B9 /* en */ = {isa = PBXFileReference; lastKnownFileType = file.storyboard; name = en; path = en.lproj/MainStoryboard.storyboard; sourceTree = "<group>"; };
		0EF96D5E19706B39008719B9 /* Icon-72.png */ = {isa = PBXFileReference; lastKnownFileType = image.png; path = "Icon-72.png"; sourceTree = "<group>"; };
		0EF96D5F19706B39008719B9 /* Icon-72@2x.png */ = {isa = PBXFileReference; lastKnownFileType = image.png; path = "Icon-72@2x.png"; sourceTree = "<group>"; };
		0EF96D6019706B39008719B9 /* Icon-Small-50.png */ = {isa = PBXFileReference; lastKnownFileType = image.png; path = "Icon-Small-50.png"; sourceTree = "<group>"; };
		0EF96D6119706B39008719B9 /* Icon-Small-50@2x.png */ = {isa = PBXFileReference; lastKnownFileType = image.png; path = "Icon-Small-50@2x.png"; sourceTree = "<group>"; };
		0EF96D6219706B39008719B9 /* Icon-Small.png */ = {isa = PBXFileReference; lastKnownFileType = image.png; path = "Icon-Small.png"; sourceTree = "<group>"; };
		0EF96D6319706B39008719B9 /* Icon-Small@2x.png */ = {isa = PBXFileReference; lastKnownFileType = image.png; path = "Icon-Small@2x.png"; sourceTree = "<group>"; };
		0EF96D6419706B39008719B9 /* iTunesArtwork.png */ = {isa = PBXFileReference; lastKnownFileType = image.png; path = iTunesArtwork.png; sourceTree = "<group>"; };
		0EF96D6519706B39008719B9 /* iTunesArtwork@2x.png */ = {isa = PBXFileReference; lastKnownFileType = image.png; path = "iTunesArtwork@2x.png"; sourceTree = "<group>"; };
		0EF96D6719706B39008719B9 /* MYAppDelegate.h */ = {isa = PBXFileReference; fileEncoding = 4; lastKnownFileType = sourcecode.c.h; path = MYAppDelegate.h; sourceTree = "<group>"; };
		0EF96D6819706B39008719B9 /* MYAppDelegate.m */ = {isa = PBXFileReference; fileEncoding = 4; lastKnownFileType = sourcecode.c.objc; path = MYAppDelegate.m; sourceTree = "<group>"; };
		0EF96D6919706B39008719B9 /* MYAudioTapProcessor.h */ = {isa = PBXFileReference; fileEncoding = 4; lastKnownFileType = sourcecode.c.h; path = MYAudioTapProcessor.h; sourceTree = "<group>"; };
		0EF96D6A19706B39008719B9 /* MYAudioTapProcessor.m */ = {isa = PBXFileReference; fileEncoding = 4; lastKnownFileType = sourcecode.c.objc; path = MYAudioTapProcessor.m; sourceTree = "<group>"; };
		0EF96D6B19706B39008719B9 /* MYGradientView.h */ = {isa = PBXFileReference; fileEncoding = 4; lastKnownFileType = sourcecode.c.h; path = MYGradientView.h; sourceTree = "<group>"; };
		0EF96D6C19706B39008719B9 /* MYGradientView.m */ = {isa = PBXFileReference; fileEncoding = 4; lastKnownFileType = sourcecode.c.objc; path = MYGradientView.m; sourceTree = "<group>"; };
		0EF96D6D19706B39008719B9 /* MYPlayerView.h */ = {isa = PBXFileReference; fileEncoding = 4; lastKnownFileType = sourcecode.c.h; path = MYPlayerView.h; sourceTree = "<group>"; };
		0EF96D6E19706B39008719B9 /* MYPlayerView.m */ = {isa = PBXFileReference; fileEncoding = 4; lastKnownFileType = sourcecode.c.objc; path = MYPlayerView.m; sourceTree = "<group>"; };
		0EF96D6F19706B39008719B9 /* MYSettingsViewController.h */ = {isa = PBXFileReference; fileEncoding = 4; lastKnownFileType = sourcecode.c.h; path = MYSettingsViewController.h; sourceTree = "<group>"; };
		0EF96D7019706B39008719B9 /* MYSettingsViewController.m */ = {isa = PBXFileReference; fileEncoding = 4; lastKnownFileType = sourcecode.c.objc; path = MYSettingsViewController.m; sourceTree = "<group>"; };
		0EF96D7119706B39008719B9 /* MYViewController.h */ = {isa = PBXFileReference; fileEncoding = 4; lastKnownFileType = sourcecode.c.h; path = MYViewController.h; sourceTree = "<group>"; };
		0EF96D7219706B39008719B9 /* MYViewController.m */ = {isa = PBXFileReference; fileEncoding = 4; lastKnownFileType = sourcecode.c.objc; path = MYViewController.m; sourceTree = "<group>"; };
		0EF96D7319706B39008719B9 /* MYVolumeUnitMeterView.h */ = {isa = PBXFileReference; fileEncoding = 4; lastKnownFileType = sourcecode.c.h; path = MYVolumeUnitMeterView.h; sourceTree = "<group>"; };
		0EF96D7419706B39008719B9 /* MYVolumeUnitMeterView.m */ = {isa = PBXFileReference; fileEncoding = 4; lastKnownFileType = sourcecode.c.objc; path = MYVolumeUnitMeterView.m; sourceTree = "<group>"; };
		0EF96D7519706B39008719B9 /* PauseButton.png */ = {isa = PBXFileReference; lastKnownFileType = image.png; path = PauseButton.png; sourceTree = "<group>"; };
		0EF96D7619706B39008719B9 /* PauseButton@2x.png */ = {isa = PBXFileReference; lastKnownFileType = image.png; path = "PauseButton@2x.png"; sourceTree = "<group>"; };
		0EF96D7719706B39008719B9 /* PlaybackControlsBarShadow.png */ = {isa = PBXFileReference; lastKnownFileType = image.png; path = PlaybackControlsBarShadow.png; sourceTree = "<group>"; };
		0EF96D7819706B39008719B9 /* PlaybackControlsBarShadow@2x.png */ = {isa = PBXFileReference; lastKnownFileType = image.png; path = "PlaybackControlsBarShadow@2x.png"; sourceTree = "<group>"; };
		0EF96D7919706B39008719B9 /* PlayButton.png */ = {isa = PBXFileReference; lastKnownFileType = image.png; path = PlayButton.png; sourceTree = "<group>"; };
		0EF96D7A19706B39008719B9 /* PlayButton@2x.png */ = {isa = PBXFileReference; lastKnownFileType = image.png; path = "PlayButton@2x.png"; sourceTree = "<group>"; };
		0EF96D7B19706B39008719B9 /* SettingsButton.png */ = {isa = PBXFileReference; lastKnownFileType = image.png; path = SettingsButton.png; sourceTree = "<group>"; };
		0EF96D7C19706B39008719B9 /* SettingsButton@2x.png */ = {isa = PBXFileReference; lastKnownFileType = image.png; path = "SettingsButton@2x.png"; sourceTree = "<group>"; };
		0EF96D7D19706B39008719B9 /* VUMeterBackground.png */ = {isa = PBXFileReference; lastKnownFileType = image.png; path = VUMeterBackground.png; sourceTree = "<group>"; };
		0EF96D7E19706B39008719B9 /* VUMeterBackground@2x.png */ = {isa = PBXFileReference; lastKnownFileType = image.png; path = "VUMeterBackground@2x.png"; sourceTree = "<group>"; };
		0EF96D7F19706B39008719B9 /* VUMeterForeground.png */ = {isa = PBXFileReference; lastKnownFileType = image.png; path = VUMeterForeground.png; sourceTree = "<group>"; };
		0EF96D8019706B39008719B9 /* VUMeterForeground@2x.png */ = {isa = PBXFileReference; lastKnownFileType = image.png; path = "VUMeterForeground@2x.png"; sourceTree = "<group>"; };
		0EF96D8119706B39008719B9 /* VUMeterNeedle.png */ = {isa = PBXFileReference; lastKnownFileType = image.png; path = VUMeterNeedle.png; sourceTree = "<group>"; };
		0EF96D8219706B39008719B9 /* VUMeterNeedle@2x.png */ = {isa = PBXFileReference; lastKnownFileType = image.png; path = "VUMeterNeedle@2x.png"; sourceTree = "<group>"; };
		0EF96D8319706B39008719B9 /* AudioTapProcessor.xcodeproj */ = {isa = PBXFileReference; lastKnownFileType = "wrapper.pb-project"; path = AudioTapProcessor.xcodeproj; sourceTree = "<group>"; };
		0EF96D8619706B39008719B9 /* ReadMe.txt */ = {isa = PBXFileReference; fileEncoding = 4; lastKnownFileType = text; path = ReadMe.txt; sourceTree = "<group>"; };
		321D21A819197B620043C6E2 /* Runovation_iOS.app */ = {isa = PBXFileReference; explicitFileType = wrapper.application; includeInIndex = 0; path = Runovation_iOS.app; sourceTree = BUILT_PRODUCTS_DIR; };
		321D21AB19197B620043C6E2 /* Foundation.framework */ = {isa = PBXFileReference; lastKnownFileType = wrapper.framework; name = Foundation.framework; path = System/Library/Frameworks/Foundation.framework; sourceTree = SDKROOT; };
		321D21AD19197B620043C6E2 /* CoreGraphics.framework */ = {isa = PBXFileReference; lastKnownFileType = wrapper.framework; name = CoreGraphics.framework; path = System/Library/Frameworks/CoreGraphics.framework; sourceTree = SDKROOT; };
		321D21AF19197B620043C6E2 /* UIKit.framework */ = {isa = PBXFileReference; lastKnownFileType = wrapper.framework; name = UIKit.framework; path = System/Library/Frameworks/UIKit.framework; sourceTree = SDKROOT; };
		321D21B319197B620043C6E2 /* Runovation_iOS-Info.plist */ = {isa = PBXFileReference; lastKnownFileType = text.plist.xml; path = "Runovation_iOS-Info.plist"; sourceTree = "<group>"; };
		321D21B519197B620043C6E2 /* en */ = {isa = PBXFileReference; lastKnownFileType = text.plist.strings; name = en; path = en.lproj/InfoPlist.strings; sourceTree = "<group>"; };
		321D21B719197B620043C6E2 /* main.m */ = {isa = PBXFileReference; lastKnownFileType = sourcecode.c.objc; path = main.m; sourceTree = "<group>"; };
		321D21B919197B620043C6E2 /* Runovation_iOS-Prefix.pch */ = {isa = PBXFileReference; lastKnownFileType = sourcecode.c.h; path = "Runovation_iOS-Prefix.pch"; sourceTree = "<group>"; };
		321D21BA19197B620043C6E2 /* AppDelegate.h */ = {isa = PBXFileReference; lastKnownFileType = sourcecode.c.h; path = AppDelegate.h; sourceTree = "<group>"; };
		321D21BB19197B620043C6E2 /* AppDelegate.m */ = {isa = PBXFileReference; lastKnownFileType = sourcecode.c.objc; path = AppDelegate.m; sourceTree = "<group>"; };
		321D21BD19197B620043C6E2 /* Images.xcassets */ = {isa = PBXFileReference; lastKnownFileType = folder.assetcatalog; path = Images.xcassets; sourceTree = "<group>"; };
		321D21C319197B620043C6E2 /* Runovation_iOSTests.xctest */ = {isa = PBXFileReference; explicitFileType = wrapper.cfbundle; includeInIndex = 0; path = Runovation_iOSTests.xctest; sourceTree = BUILT_PRODUCTS_DIR; };
		321D21C419197B620043C6E2 /* XCTest.framework */ = {isa = PBXFileReference; lastKnownFileType = wrapper.framework; name = XCTest.framework; path = Library/Frameworks/XCTest.framework; sourceTree = DEVELOPER_DIR; };
		321D21CC19197B630043C6E2 /* Runovation_iOSTests-Info.plist */ = {isa = PBXFileReference; lastKnownFileType = text.plist.xml; path = "Runovation_iOSTests-Info.plist"; sourceTree = "<group>"; };
		321D21CE19197B630043C6E2 /* en */ = {isa = PBXFileReference; lastKnownFileType = text.plist.strings; name = en; path = en.lproj/InfoPlist.strings; sourceTree = "<group>"; };
		321D21D019197B630043C6E2 /* Runovation_iOSTests.m */ = {isa = PBXFileReference; lastKnownFileType = sourcecode.c.objc; path = Runovation_iOSTests.m; sourceTree = "<group>"; };
		321D21DA19197B7D0043C6E2 /* Main.storyboard */ = {isa = PBXFileReference; fileEncoding = 4; lastKnownFileType = file.storyboard; path = Main.storyboard; sourceTree = "<group>"; };
		32C4FFBD1919D2FD00B8FC4C /* Default.png */ = {isa = PBXFileReference; lastKnownFileType = image.png; name = Default.png; path = ../../Default.png; sourceTree = "<group>"; };
/* End PBXFileReference section */

/* Begin PBXFrameworksBuildPhase section */
		321D21A519197B620043C6E2 /* Frameworks */ = {
			isa = PBXFrameworksBuildPhase;
			buildActionMask = 2147483647;
			files = (
				321D21AE19197B620043C6E2 /* CoreGraphics.framework in Frameworks */,
				321D21B019197B620043C6E2 /* UIKit.framework in Frameworks */,
				321D21AC19197B620043C6E2 /* Foundation.framework in Frameworks */,
			);
			runOnlyForDeploymentPostprocessing = 0;
		};
		321D21C019197B620043C6E2 /* Frameworks */ = {
			isa = PBXFrameworksBuildPhase;
			buildActionMask = 2147483647;
			files = (
				321D21C519197B620043C6E2 /* XCTest.framework in Frameworks */,
				321D21C719197B630043C6E2 /* UIKit.framework in Frameworks */,
				321D21C619197B620043C6E2 /* Foundation.framework in Frameworks */,
			);
			runOnlyForDeploymentPostprocessing = 0;
		};
/* End PBXFrameworksBuildPhase section */

/* Begin PBXGroup section */
		0EF96D1A197068FB008719B9 /* Custom Music Player */ = {
			isa = PBXGroup;
			children = (
				0EF96D1B197068FB008719B9 /* 1.jpg */,
				0EF96D1C197068FB008719B9 /* 2.png */,
				0EF96D1D197068FB008719B9 /* MusicPlayer */,
				0EF96D34197068FB008719B9 /* MusicPlayer Resources.zip */,
				0EF96D35197068FB008719B9 /* pause_button.png */,
				0EF96D36197068FB008719B9 /* pause_button@2x.png */,
				0EF96D37197068FB008719B9 /* photo.PNG */,
				0EF96D38197068FB008719B9 /* play_button.png */,
				0EF96D39197068FB008719B9 /* play_button@2x.png */,
			);
			name = "Custom Music Player";
			path = "../Custom Music Player";
			sourceTree = "<group>";
		};
		0EF96D1D197068FB008719B9 /* MusicPlayer */ = {
			isa = PBXGroup;
			children = (
				0EF96D1E197068FB008719B9 /* MusicPlayer */,
				0EF96D31197068FB008719B9 /* MusicPlayer.xcodeproj */,
			);
			path = MusicPlayer;
			sourceTree = "<group>";
		};
		0EF96D1E197068FB008719B9 /* MusicPlayer */ = {
			isa = PBXGroup;
			children = (
				0EF96D1F197068FB008719B9 /* Default-568h@2x.png */,
				0EF96D20197068FB008719B9 /* Default.png */,
				0EF96D21197068FB008719B9 /* Default@2x.png */,
				0EF96D22197068FB008719B9 /* InfoPlist.strings */,
				0EF96D24197068FB008719B9 /* MainStoryboard.storyboard */,
				0EF96D27197068FB008719B9 /* MPAppDelegate.h */,
				0EF96D28197068FB008719B9 /* MPAppDelegate.m */,
				0EF96D29197068FB008719B9 /* MusicPlayer-Info.plist */,
				0EF96D2A197068FB008719B9 /* MusicPlayer-Prefix.pch */,
				0EF96D2B197068FB008719B9 /* MVViewController.h */,
				0EF96D2C197068FB008719B9 /* MVViewController.m */,
				0EF96D2D197068FB008719B9 /* pause_button.png */,
				0EF96D2E197068FB008719B9 /* pause_button@2x.png */,
				0EF96D2F197068FB008719B9 /* play_button.png */,
				0EF96D30197068FB008719B9 /* play_button@2x.png */,
			);
			path = MusicPlayer;
			sourceTree = "<group>";
		};
		0EF96D32197068FB008719B9 /* Products */ = {
			isa = PBXGroup;
			children = (
				0EF96D51197068FB008719B9 /* MusicPlayer.app */,
			);
			name = Products;
			sourceTree = "<group>";
		};
		0EF96D5219706B39008719B9 /* AudioTapProcessor */ = {
			isa = PBXGroup;
			children = (
				0EF96D5319706B39008719B9 /* AudioTapProcessor */,
				0EF96D8319706B39008719B9 /* AudioTapProcessor.xcodeproj */,
				0EF96D8619706B39008719B9 /* ReadMe.txt */,
			);
			name = AudioTapProcessor;
			path = ../AudioTapProcessor;
			sourceTree = "<group>";
		};
		0EF96D5319706B39008719B9 /* AudioTapProcessor */ = {
			isa = PBXGroup;
			children = (
				0EF96D5419706B39008719B9 /* AudioTapProcessor-Info.plist */,
				0EF96D5519706B39008719B9 /* AudioTapProcessor-Prefix.pch */,
				0EF96D5619706B39008719B9 /* Default-Landscape.png */,
				0EF96D5719706B39008719B9 /* Default-Landscape@2x.png */,
				0EF96D5819706B39008719B9 /* Default-Portrait.png */,
				0EF96D5919706B39008719B9 /* Default-Portrait@2x.png */,
				0EF96D5A19706B39008719B9 /* InfoPlist.strings */,
				0EF96D5C19706B39008719B9 /* MainStoryboard.storyboard */,
				0EF96D5E19706B39008719B9 /* Icon-72.png */,
				0EF96D5F19706B39008719B9 /* Icon-72@2x.png */,
				0EF96D6019706B39008719B9 /* Icon-Small-50.png */,
				0EF96D6119706B39008719B9 /* Icon-Small-50@2x.png */,
				0EF96D6219706B39008719B9 /* Icon-Small.png */,
				0EF96D6319706B39008719B9 /* Icon-Small@2x.png */,
				0EF96D6419706B39008719B9 /* iTunesArtwork.png */,
				0EF96D6519706B39008719B9 /* iTunesArtwork@2x.png */,
				0EF96D6719706B39008719B9 /* MYAppDelegate.h */,
				0EF96D6819706B39008719B9 /* MYAppDelegate.m */,
				0EF96D6919706B39008719B9 /* MYAudioTapProcessor.h */,
				0EF96D6A19706B39008719B9 /* MYAudioTapProcessor.m */,
				0EF96D6B19706B39008719B9 /* MYGradientView.h */,
				0EF96D6C19706B39008719B9 /* MYGradientView.m */,
				0EF96D6D19706B39008719B9 /* MYPlayerView.h */,
				0EF96D6E19706B39008719B9 /* MYPlayerView.m */,
				0EF96D6F19706B39008719B9 /* MYSettingsViewController.h */,
				0EF96D7019706B39008719B9 /* MYSettingsViewController.m */,
				0EF96D7119706B39008719B9 /* MYViewController.h */,
				0EF96D7219706B39008719B9 /* MYViewController.m */,
				0EF96D7319706B39008719B9 /* MYVolumeUnitMeterView.h */,
				0EF96D7419706B39008719B9 /* MYVolumeUnitMeterView.m */,
				0EF96D7519706B39008719B9 /* PauseButton.png */,
				0EF96D7619706B39008719B9 /* PauseButton@2x.png */,
				0EF96D7719706B39008719B9 /* PlaybackControlsBarShadow.png */,
				0EF96D7819706B39008719B9 /* PlaybackControlsBarShadow@2x.png */,
				0EF96D7919706B39008719B9 /* PlayButton.png */,
				0EF96D7A19706B39008719B9 /* PlayButton@2x.png */,
				0EF96D7B19706B39008719B9 /* SettingsButton.png */,
				0EF96D7C19706B39008719B9 /* SettingsButton@2x.png */,
				0EF96D7D19706B39008719B9 /* VUMeterBackground.png */,
				0EF96D7E19706B39008719B9 /* VUMeterBackground@2x.png */,
				0EF96D7F19706B39008719B9 /* VUMeterForeground.png */,
				0EF96D8019706B39008719B9 /* VUMeterForeground@2x.png */,
				0EF96D8119706B39008719B9 /* VUMeterNeedle.png */,
				0EF96D8219706B39008719B9 /* VUMeterNeedle@2x.png */,
			);
			path = AudioTapProcessor;
			sourceTree = "<group>";
		};
		0EF96D8419706B39008719B9 /* Products */ = {
			isa = PBXGroup;
			children = (
				0EF96DAF19706B39008719B9 /* AudioTapProcessor.app */,
			);
			name = Products;
			sourceTree = "<group>";
		};
		321D219F19197B620043C6E2 = {
			isa = PBXGroup;
			children = (
				0EF96D5219706B39008719B9 /* AudioTapProcessor */,
				0EF96D1A197068FB008719B9 /* Custom Music Player */,
				321D21B119197B620043C6E2 /* Runovation_iOS */,
				321D21CA19197B630043C6E2 /* Runovation_iOSTests */,
				321D21AA19197B620043C6E2 /* Frameworks */,
				321D21A919197B620043C6E2 /* Products */,
			);
			sourceTree = "<group>";
		};
		321D21A919197B620043C6E2 /* Products */ = {
			isa = PBXGroup;
			children = (
				321D21A819197B620043C6E2 /* Runovation_iOS.app */,
				321D21C319197B620043C6E2 /* Runovation_iOSTests.xctest */,
			);
			name = Products;
			sourceTree = "<group>";
		};
		321D21AA19197B620043C6E2 /* Frameworks */ = {
			isa = PBXGroup;
			children = (
				321D21AB19197B620043C6E2 /* Foundation.framework */,
				321D21AD19197B620043C6E2 /* CoreGraphics.framework */,
				321D21AF19197B620043C6E2 /* UIKit.framework */,
				321D21C419197B620043C6E2 /* XCTest.framework */,
			);
			name = Frameworks;
			sourceTree = "<group>";
		};
		321D21B119197B620043C6E2 /* Runovation_iOS */ = {
			isa = PBXGroup;
			children = (
				32C4FFBD1919D2FD00B8FC4C /* Default.png */,
				321D21BA19197B620043C6E2 /* AppDelegate.h */,
				321D21DA19197B7D0043C6E2 /* Main.storyboard */,
				321D21BB19197B620043C6E2 /* AppDelegate.m */,
				321D21BD19197B620043C6E2 /* Images.xcassets */,
				321D21B219197B620043C6E2 /* Supporting Files */,
			);
			path = Runovation_iOS;
			sourceTree = "<group>";
		};
		321D21B219197B620043C6E2 /* Supporting Files */ = {
			isa = PBXGroup;
			children = (
				321D21B319197B620043C6E2 /* Runovation_iOS-Info.plist */,
				321D21B419197B620043C6E2 /* InfoPlist.strings */,
				321D21B719197B620043C6E2 /* main.m */,
				321D21B919197B620043C6E2 /* Runovation_iOS-Prefix.pch */,
			);
			name = "Supporting Files";
			sourceTree = "<group>";
		};
		321D21CA19197B630043C6E2 /* Runovation_iOSTests */ = {
			isa = PBXGroup;
			children = (
				321D21D019197B630043C6E2 /* Runovation_iOSTests.m */,
				321D21CB19197B630043C6E2 /* Supporting Files */,
			);
			path = Runovation_iOSTests;
			sourceTree = "<group>";
		};
		321D21CB19197B630043C6E2 /* Supporting Files */ = {
			isa = PBXGroup;
			children = (
				321D21CC19197B630043C6E2 /* Runovation_iOSTests-Info.plist */,
				321D21CD19197B630043C6E2 /* InfoPlist.strings */,
			);
			name = "Supporting Files";
			sourceTree = "<group>";
		};
/* End PBXGroup section */

/* Begin PBXNativeTarget section */
		321D21A719197B620043C6E2 /* Runovation_iOS */ = {
			isa = PBXNativeTarget;
			buildConfigurationList = 321D21D419197B630043C6E2 /* Build configuration list for PBXNativeTarget "Runovation_iOS" */;
			buildPhases = (
				321D21A419197B620043C6E2 /* Sources */,
				321D21A519197B620043C6E2 /* Frameworks */,
				321D21A619197B620043C6E2 /* Resources */,
			);
			buildRules = (
			);
			dependencies = (
			);
			name = Runovation_iOS;
			productName = Runovation_iOS;
			productReference = 321D21A819197B620043C6E2 /* Runovation_iOS.app */;
			productType = "com.apple.product-type.application";
		};
		321D21C219197B620043C6E2 /* Runovation_iOSTests */ = {
			isa = PBXNativeTarget;
			buildConfigurationList = 321D21D719197B630043C6E2 /* Build configuration list for PBXNativeTarget "Runovation_iOSTests" */;
			buildPhases = (
				321D21BF19197B620043C6E2 /* Sources */,
				321D21C019197B620043C6E2 /* Frameworks */,
				321D21C119197B620043C6E2 /* Resources */,
			);
			buildRules = (
			);
			dependencies = (
				321D21C919197B630043C6E2 /* PBXTargetDependency */,
			);
			name = Runovation_iOSTests;
			productName = Runovation_iOSTests;
			productReference = 321D21C319197B620043C6E2 /* Runovation_iOSTests.xctest */;
			productType = "com.apple.product-type.bundle.unit-test";
		};
/* End PBXNativeTarget section */

/* Begin PBXProject section */
		321D21A019197B620043C6E2 /* Project object */ = {
			isa = PBXProject;
			attributes = {
				LastUpgradeCheck = 0510;
				ORGANIZATIONNAME = runovationfitness;
				TargetAttributes = {
					321D21A719197B620043C6E2 = {
						DevelopmentTeam = 775B3CTYJM;
					};
					321D21C219197B620043C6E2 = {
						TestTargetID = 321D21A719197B620043C6E2;
					};
				};
			};
			buildConfigurationList = 321D21A319197B620043C6E2 /* Build configuration list for PBXProject "Runovation_iOS" */;
			compatibilityVersion = "Xcode 3.2";
			developmentRegion = English;
			hasScannedForEncodings = 0;
			knownRegions = (
				en,
			);
			mainGroup = 321D219F19197B620043C6E2;
			productRefGroup = 321D21A919197B620043C6E2 /* Products */;
			projectDirPath = "";
			projectReferences = (
				{
					ProductGroup = 0EF96D8419706B39008719B9 /* Products */;
					ProjectRef = 0EF96D8319706B39008719B9 /* AudioTapProcessor.xcodeproj */;
				},
				{
					ProductGroup = 0EF96D32197068FB008719B9 /* Products */;
					ProjectRef = 0EF96D31197068FB008719B9 /* MusicPlayer.xcodeproj */;
				},
			);
			projectRoot = "";
			targets = (
				321D21A719197B620043C6E2 /* Runovation_iOS */,
				321D21C219197B620043C6E2 /* Runovation_iOSTests */,
			);
		};
/* End PBXProject section */

/* Begin PBXReferenceProxy section */
		0EF96D51197068FB008719B9 /* MusicPlayer.app */ = {
			isa = PBXReferenceProxy;
			fileType = wrapper.application;
			path = MusicPlayer.app;
			remoteRef = 0EF96D50197068FB008719B9 /* PBXContainerItemProxy */;
			sourceTree = BUILT_PRODUCTS_DIR;
		};
		0EF96DAF19706B39008719B9 /* AudioTapProcessor.app */ = {
			isa = PBXReferenceProxy;
			fileType = wrapper.application;
			path = AudioTapProcessor.app;
			remoteRef = 0EF96DAE19706B39008719B9 /* PBXContainerItemProxy */;
			sourceTree = BUILT_PRODUCTS_DIR;
		};
/* End PBXReferenceProxy section */

/* Begin PBXResourcesBuildPhase section */
		321D21A619197B620043C6E2 /* Resources */ = {
			isa = PBXResourcesBuildPhase;
			buildActionMask = 2147483647;
			files = (
				0EF96D4E197068FB008719B9 /* play_button@2x.png in Resources */,
				0EF96D8C19706B39008719B9 /* InfoPlist.strings in Resources */,
				0EF96D8D19706B39008719B9 /* MainStoryboard.storyboard in Resources */,
				0EF96D48197068FB008719B9 /* play_button@2x.png in Resources */,
				0EF96D9E19706B39008719B9 /* PauseButton.png in Resources */,
				0EF96D8719706B39008719B9 /* AudioTapProcessor-Info.plist in Resources */,
				0EF96DA419706B39008719B9 /* SettingsButton.png in Resources */,
				0EF96D9019706B39008719B9 /* Icon-Small-50.png in Resources */,
				0EF96D9419706B39008719B9 /* iTunesArtwork.png in Resources */,
				0EF96DAA19706B39008719B9 /* VUMeterNeedle.png in Resources */,
				0EF96D4D197068FB008719B9 /* play_button.png in Resources */,
				0EF96DA719706B39008719B9 /* VUMeterBackground@2x.png in Resources */,
				0EF96DA819706B39008719B9 /* VUMeterForeground.png in Resources */,
				0EF96DA619706B39008719B9 /* VUMeterBackground.png in Resources */,
				0EF96D3F197068FB008719B9 /* InfoPlist.strings in Resources */,
				0EF96DA519706B39008719B9 /* SettingsButton@2x.png in Resources */,
				0EF96D8819706B39008719B9 /* Default-Landscape.png in Resources */,
				0EF96D3A197068FB008719B9 /* 1.jpg in Resources */,
				0EF96D9219706B39008719B9 /* Icon-Small.png in Resources */,
				0EF96D3B197068FB008719B9 /* 2.png in Resources */,
				0EF96DA019706B39008719B9 /* PlaybackControlsBarShadow.png in Resources */,
				0EF96D43197068FB008719B9 /* MusicPlayer-Info.plist in Resources */,
				0EF96D9319706B39008719B9 /* Icon-Small@2x.png in Resources */,
				0EF96D9519706B39008719B9 /* iTunesArtwork@2x.png in Resources */,
				0EF96D8E19706B39008719B9 /* Icon-72.png in Resources */,
				0EF96D3C197068FB008719B9 /* Default-568h@2x.png in Resources */,
				0EF96DAC19706B39008719B9 /* ReadMe.txt in Resources */,
				0EF96D3E197068FB008719B9 /* Default@2x.png in Resources */,
				321D21DB19197B7D0043C6E2 /* Main.storyboard in Resources */,
				0EF96D8B19706B39008719B9 /* Default-Portrait@2x.png in Resources */,
				0EF96D8A19706B39008719B9 /* Default-Portrait.png in Resources */,
				321D21B619197B620043C6E2 /* InfoPlist.strings in Resources */,
				0EF96D49197068FB008719B9 /* MusicPlayer Resources.zip in Resources */,
				0EF96D40197068FB008719B9 /* MainStoryboard.storyboard in Resources */,
				0EF96DA219706B39008719B9 /* PlayButton.png in Resources */,
				0EF96D9119706B39008719B9 /* Icon-Small-50@2x.png in Resources */,
				0EF96D4B197068FB008719B9 /* pause_button@2x.png in Resources */,
				321D21BE19197B620043C6E2 /* Images.xcassets in Resources */,
				32C4FFBE1919D2FD00B8FC4C /* Default.png in Resources */,
				0EF96D4C197068FB008719B9 /* photo.PNG in Resources */,
				0EF96D45197068FB008719B9 /* pause_button.png in Resources */,
				0EF96D47197068FB008719B9 /* play_button.png in Resources */,
				0EF96D9F19706B39008719B9 /* PauseButton@2x.png in Resources */,
				0EF96DAB19706B39008719B9 /* VUMeterNeedle@2x.png in Resources */,
				0EF96D4A197068FB008719B9 /* pause_button.png in Resources */,
				0EF96DA119706B39008719B9 /* PlaybackControlsBarShadow@2x.png in Resources */,
				0EF96DA919706B39008719B9 /* VUMeterForeground@2x.png in Resources */,
				0EF96D46197068FB008719B9 /* pause_button@2x.png in Resources */,
				0EF96D8F19706B39008719B9 /* Icon-72@2x.png in Resources */,
				0EF96D8919706B39008719B9 /* Default-Landscape@2x.png in Resources */,
				0EF96D3D197068FB008719B9 /* Default.png in Resources */,
				0EF96DA319706B39008719B9 /* PlayButton@2x.png in Resources */,
			);
			runOnlyForDeploymentPostprocessing = 0;
		};
		321D21C119197B620043C6E2 /* Resources */ = {
			isa = PBXResourcesBuildPhase;
			buildActionMask = 2147483647;
			files = (
				321D21CF19197B630043C6E2 /* InfoPlist.strings in Resources */,
			);
			runOnlyForDeploymentPostprocessing = 0;
		};
/* End PBXResourcesBuildPhase section */

/* Begin PBXSourcesBuildPhase section */
		321D21A419197B620043C6E2 /* Sources */ = {
			isa = PBXSourcesBuildPhase;
			buildActionMask = 2147483647;
			files = (
				0EF96D9719706B39008719B9 /* MYAppDelegate.m in Sources */,
				0EF96D9919706B39008719B9 /* MYGradientView.m in Sources */,
				0EF96D9B19706B39008719B9 /* MYSettingsViewController.m in Sources */,
				0EF96D9D19706B39008719B9 /* MYVolumeUnitMeterView.m in Sources */,
				321D21BC19197B620043C6E2 /* AppDelegate.m in Sources */,
				0EF96D44197068FB008719B9 /* MVViewController.m in Sources */,
				0EF96D9819706B39008719B9 /* MYAudioTapProcessor.m in Sources */,
				0EF96D42197068FB008719B9 /* MPAppDelegate.m in Sources */,
				321D21B819197B620043C6E2 /* main.m in Sources */,
				0EF96D9A19706B39008719B9 /* MYPlayerView.m in Sources */,
				0EF96D9C19706B39008719B9 /* MYViewController.m in Sources */,
			);
			runOnlyForDeploymentPostprocessing = 0;
		};
		321D21BF19197B620043C6E2 /* Sources */ = {
			isa = PBXSourcesBuildPhase;
			buildActionMask = 2147483647;
			files = (
				321D21D119197B630043C6E2 /* Runovation_iOSTests.m in Sources */,
			);
			runOnlyForDeploymentPostprocessing = 0;
		};
/* End PBXSourcesBuildPhase section */

/* Begin PBXTargetDependency section */
		321D21C919197B630043C6E2 /* PBXTargetDependency */ = {
			isa = PBXTargetDependency;
			target = 321D21A719197B620043C6E2 /* Runovation_iOS */;
			targetProxy = 321D21C819197B630043C6E2 /* PBXContainerItemProxy */;
		};
/* End PBXTargetDependency section */

/* Begin PBXVariantGroup section */
		0EF96D22197068FB008719B9 /* InfoPlist.strings */ = {
			isa = PBXVariantGroup;
			children = (
				0EF96D23197068FB008719B9 /* en */,
			);
			name = InfoPlist.strings;
			sourceTree = "<group>";
		};
		0EF96D24197068FB008719B9 /* MainStoryboard.storyboard */ = {
			isa = PBXVariantGroup;
			children = (
				0EF96D25197068FB008719B9 /* en */,
			);
			name = MainStoryboard.storyboard;
			sourceTree = "<group>";
		};
		0EF96D5A19706B39008719B9 /* InfoPlist.strings */ = {
			isa = PBXVariantGroup;
			children = (
				0EF96D5B19706B39008719B9 /* en */,
			);
			name = InfoPlist.strings;
			sourceTree = "<group>";
		};
		0EF96D5C19706B39008719B9 /* MainStoryboard.storyboard */ = {
			isa = PBXVariantGroup;
			children = (
				0EF96D5D19706B39008719B9 /* en */,
			);
			name = MainStoryboard.storyboard;
			sourceTree = "<group>";
		};
		321D21B419197B620043C6E2 /* InfoPlist.strings */ = {
			isa = PBXVariantGroup;
			children = (
				321D21B519197B620043C6E2 /* en */,
			);
			name = InfoPlist.strings;
			sourceTree = "<group>";
		};
		321D21CD19197B630043C6E2 /* InfoPlist.strings */ = {
			isa = PBXVariantGroup;
			children = (
				321D21CE19197B630043C6E2 /* en */,
			);
			name = InfoPlist.strings;
			sourceTree = "<group>";
		};
/* End PBXVariantGroup section */

/* Begin XCBuildConfiguration section */
		321D21D219197B630043C6E2 /* Debug */ = {
			isa = XCBuildConfiguration;
			buildSettings = {
				ALWAYS_SEARCH_USER_PATHS = NO;
				CLANG_CXX_LANGUAGE_STANDARD = "gnu++0x";
				CLANG_CXX_LIBRARY = "libc++";
				CLANG_ENABLE_MODULES = YES;
				CLANG_ENABLE_OBJC_ARC = YES;
				CLANG_WARN_BOOL_CONVERSION = YES;
				CLANG_WARN_CONSTANT_CONVERSION = YES;
				CLANG_WARN_DIRECT_OBJC_ISA_USAGE = YES_ERROR;
				CLANG_WARN_EMPTY_BODY = YES;
				CLANG_WARN_ENUM_CONVERSION = YES;
				CLANG_WARN_INT_CONVERSION = YES;
				CLANG_WARN_OBJC_ROOT_CLASS = YES_ERROR;
				CLANG_WARN__DUPLICATE_METHOD_MATCH = YES;
				"CODE_SIGN_IDENTITY[sdk=iphoneos*]" = "iPhone Developer";
				COPY_PHASE_STRIP = NO;
				GCC_C_LANGUAGE_STANDARD = gnu99;
				GCC_DYNAMIC_NO_PIC = NO;
				GCC_OPTIMIZATION_LEVEL = 0;
				GCC_PREPROCESSOR_DEFINITIONS = (
					"DEBUG=1",
					"$(inherited)",
				);
				GCC_SYMBOLS_PRIVATE_EXTERN = NO;
				GCC_WARN_64_TO_32_BIT_CONVERSION = YES;
				GCC_WARN_ABOUT_RETURN_TYPE = YES_ERROR;
				GCC_WARN_UNDECLARED_SELECTOR = YES;
				GCC_WARN_UNINITIALIZED_AUTOS = YES_AGGRESSIVE;
				GCC_WARN_UNUSED_FUNCTION = YES;
				GCC_WARN_UNUSED_VARIABLE = YES;
				IPHONEOS_DEPLOYMENT_TARGET = 7.1;
				ONLY_ACTIVE_ARCH = YES;
				SDKROOT = iphoneos;
				TARGETED_DEVICE_FAMILY = "1,2";
			};
			name = Debug;
		};
		321D21D319197B630043C6E2 /* Release */ = {
			isa = XCBuildConfiguration;
			buildSettings = {
				ALWAYS_SEARCH_USER_PATHS = NO;
				CLANG_CXX_LANGUAGE_STANDARD = "gnu++0x";
				CLANG_CXX_LIBRARY = "libc++";
				CLANG_ENABLE_MODULES = YES;
				CLANG_ENABLE_OBJC_ARC = YES;
				CLANG_WARN_BOOL_CONVERSION = YES;
				CLANG_WARN_CONSTANT_CONVERSION = YES;
				CLANG_WARN_DIRECT_OBJC_ISA_USAGE = YES_ERROR;
				CLANG_WARN_EMPTY_BODY = YES;
				CLANG_WARN_ENUM_CONVERSION = YES;
				CLANG_WARN_INT_CONVERSION = YES;
				CLANG_WARN_OBJC_ROOT_CLASS = YES_ERROR;
				CLANG_WARN__DUPLICATE_METHOD_MATCH = YES;
				"CODE_SIGN_IDENTITY[sdk=iphoneos*]" = "iPhone Developer";
				COPY_PHASE_STRIP = YES;
				ENABLE_NS_ASSERTIONS = NO;
				GCC_C_LANGUAGE_STANDARD = gnu99;
				GCC_WARN_64_TO_32_BIT_CONVERSION = YES;
				GCC_WARN_ABOUT_RETURN_TYPE = YES_ERROR;
				GCC_WARN_UNDECLARED_SELECTOR = YES;
				GCC_WARN_UNINITIALIZED_AUTOS = YES_AGGRESSIVE;
				GCC_WARN_UNUSED_FUNCTION = YES;
				GCC_WARN_UNUSED_VARIABLE = YES;
				IPHONEOS_DEPLOYMENT_TARGET = 7.1;
				SDKROOT = iphoneos;
				TARGETED_DEVICE_FAMILY = "1,2";
				VALIDATE_PRODUCT = YES;
			};
			name = Release;
		};
		321D21D519197B630043C6E2 /* Debug */ = {
			isa = XCBuildConfiguration;
			buildSettings = {
				ASSETCATALOG_COMPILER_APPICON_NAME = AppIcon;
				ASSETCATALOG_COMPILER_LAUNCHIMAGE_NAME = LaunchImage;
				CODE_SIGN_IDENTITY = "iPhone Developer";
				"CODE_SIGN_IDENTITY[sdk=iphoneos*]" = "iPhone Developer";
				GCC_PRECOMPILE_PREFIX_HEADER = YES;
				GCC_PREFIX_HEADER = "Runovation_iOS/Runovation_iOS-Prefix.pch";
				INFOPLIST_FILE = "Runovation_iOS/Runovation_iOS-Info.plist";
				PRODUCT_NAME = "$(TARGET_NAME)";
				PROVISIONING_PROFILE = "";
				WRAPPER_EXTENSION = app;
			};
			name = Debug;
		};
		321D21D619197B630043C6E2 /* Release */ = {
			isa = XCBuildConfiguration;
			buildSettings = {
				ASSETCATALOG_COMPILER_APPICON_NAME = AppIcon;
				ASSETCATALOG_COMPILER_LAUNCHIMAGE_NAME = LaunchImage;
				CODE_SIGN_IDENTITY = "iPhone Developer";
				"CODE_SIGN_IDENTITY[sdk=iphoneos*]" = "iPhone Developer";
				GCC_PRECOMPILE_PREFIX_HEADER = YES;
				GCC_PREFIX_HEADER = "Runovation_iOS/Runovation_iOS-Prefix.pch";
				INFOPLIST_FILE = "Runovation_iOS/Runovation_iOS-Info.plist";
				PRODUCT_NAME = "$(TARGET_NAME)";
				PROVISIONING_PROFILE = "";
				WRAPPER_EXTENSION = app;
			};
			name = Release;
		};
		321D21D819197B630043C6E2 /* Debug */ = {
			isa = XCBuildConfiguration;
			buildSettings = {
				BUNDLE_LOADER = "$(BUILT_PRODUCTS_DIR)/Runovation_iOS.app/Runovation_iOS";
				FRAMEWORK_SEARCH_PATHS = (
					"$(SDKROOT)/Developer/Library/Frameworks",
					"$(inherited)",
					"$(DEVELOPER_FRAMEWORKS_DIR)",
				);
				GCC_PRECOMPILE_PREFIX_HEADER = YES;
				GCC_PREFIX_HEADER = "Runovation_iOS/Runovation_iOS-Prefix.pch";
				GCC_PREPROCESSOR_DEFINITIONS = (
					"DEBUG=1",
					"$(inherited)",
				);
				INFOPLIST_FILE = "Runovation_iOSTests/Runovation_iOSTests-Info.plist";
				PRODUCT_NAME = "$(TARGET_NAME)";
				TEST_HOST = "$(BUNDLE_LOADER)";
				WRAPPER_EXTENSION = xctest;
			};
			name = Debug;
		};
		321D21D919197B630043C6E2 /* Release */ = {
			isa = XCBuildConfiguration;
			buildSettings = {
				BUNDLE_LOADER = "$(BUILT_PRODUCTS_DIR)/Runovation_iOS.app/Runovation_iOS";
				FRAMEWORK_SEARCH_PATHS = (
					"$(SDKROOT)/Developer/Library/Frameworks",
					"$(inherited)",
					"$(DEVELOPER_FRAMEWORKS_DIR)",
				);
				GCC_PRECOMPILE_PREFIX_HEADER = YES;
				GCC_PREFIX_HEADER = "Runovation_iOS/Runovation_iOS-Prefix.pch";
				INFOPLIST_FILE = "Runovation_iOSTests/Runovation_iOSTests-Info.plist";
				PRODUCT_NAME = "$(TARGET_NAME)";
				TEST_HOST = "$(BUNDLE_LOADER)";
				WRAPPER_EXTENSION = xctest;
			};
			name = Release;
		};
/* End XCBuildConfiguration section */

/* Begin XCConfigurationList section */
		321D21A319197B620043C6E2 /* Build configuration list for PBXProject "Runovation_iOS" */ = {
			isa = XCConfigurationList;
			buildConfigurations = (
				321D21D219197B630043C6E2 /* Debug */,
				321D21D319197B630043C6E2 /* Release */,
			);
			defaultConfigurationIsVisible = 0;
			defaultConfigurationName = Release;
		};
		321D21D419197B630043C6E2 /* Build configuration list for PBXNativeTarget "Runovation_iOS" */ = {
			isa = XCConfigurationList;
			buildConfigurations = (
				321D21D519197B630043C6E2 /* Debug */,
				321D21D619197B630043C6E2 /* Release */,
			);
			defaultConfigurationIsVisible = 0;
			defaultConfigurationName = Release;
		};
		321D21D719197B630043C6E2 /* Build configuration list for PBXNativeTarget "Runovation_iOSTests" */ = {
			isa = XCConfigurationList;
			buildConfigurations = (
				321D21D819197B630043C6E2 /* Debug */,
				321D21D919197B630043C6E2 /* Release */,
			);
			defaultConfigurationIsVisible = 0;
			defaultConfigurationName = Release;
		};
/* End XCConfigurationList section */
	};
	rootObject = 321D21A019197B620043C6E2 /* Project object */;
}
