// !$*UTF8*$!
{
	archiveVersion = 1;
	classes = {
	};
	objectVersion = 46;
	objects = {

/* Begin PBXBuildFile section */
		327691C9191FF6A300460F86 /* Foundation.framework in Frameworks */ = {isa = PBXBuildFile; fileRef = 327691C8191FF6A300460F86 /* Foundation.framework */; };
		327691CB191FF6A300460F86 /* CoreGraphics.framework in Frameworks */ = {isa = PBXBuildFile; fileRef = 327691CA191FF6A300460F86 /* CoreGraphics.framework */; };
		327691CD191FF6A300460F86 /* UIKit.framework in Frameworks */ = {isa = PBXBuildFile; fileRef = 327691CC191FF6A300460F86 /* UIKit.framework */; };
		327691D3191FF6A300460F86 /* InfoPlist.strings in Resources */ = {isa = PBXBuildFile; fileRef = 327691D1191FF6A300460F86 /* InfoPlist.strings */; };
		327691D5191FF6A300460F86 /* main.m in Sources */ = {isa = PBXBuildFile; fileRef = 327691D4191FF6A300460F86 /* main.m */; };
		327691D9191FF6A300460F86 /* AppDelegate.m in Sources */ = {isa = PBXBuildFile; fileRef = 327691D8191FF6A300460F86 /* AppDelegate.m */; };
		327691DB191FF6A300460F86 /* Images.xcassets in Resources */ = {isa = PBXBuildFile; fileRef = 327691DA191FF6A300460F86 /* Images.xcassets */; };
		327691E2191FF6A300460F86 /* XCTest.framework in Frameworks */ = {isa = PBXBuildFile; fileRef = 327691E1191FF6A300460F86 /* XCTest.framework */; };
		327691E3191FF6A300460F86 /* Foundation.framework in Frameworks */ = {isa = PBXBuildFile; fileRef = 327691C8191FF6A300460F86 /* Foundation.framework */; };
		327691E4191FF6A300460F86 /* UIKit.framework in Frameworks */ = {isa = PBXBuildFile; fileRef = 327691CC191FF6A300460F86 /* UIKit.framework */; };
		327691EC191FF6A300460F86 /* InfoPlist.strings in Resources */ = {isa = PBXBuildFile; fileRef = 327691EA191FF6A300460F86 /* InfoPlist.strings */; };
		327691EE191FF6A300460F86 /* SoundTouch_DemoTests.m in Sources */ = {isa = PBXBuildFile; fileRef = 327691ED191FF6A300460F86 /* SoundTouch_DemoTests.m */; };
		327691F8191FF6BF00460F86 /* SoundTouch.framework in Frameworks */ = {isa = PBXBuildFile; fileRef = 327691F7191FF6BF00460F86 /* SoundTouch.framework */; };
/* End PBXBuildFile section */

/* Begin PBXContainerItemProxy section */
		327691E5191FF6A300460F86 /* PBXContainerItemProxy */ = {
			isa = PBXContainerItemProxy;
			containerPortal = 327691BD191FF6A300460F86 /* Project object */;
			proxyType = 1;
			remoteGlobalIDString = 327691C4191FF6A300460F86;
			remoteInfo = SoundTouch_Demo;
		};
/* End PBXContainerItemProxy section */

/* Begin PBXFileReference section */
		327691C5191FF6A300460F86 /* SoundTouch_Demo.app */ = {isa = PBXFileReference; explicitFileType = wrapper.application; includeInIndex = 0; path = SoundTouch_Demo.app; sourceTree = BUILT_PRODUCTS_DIR; };
		327691C8191FF6A300460F86 /* Foundation.framework */ = {isa = PBXFileReference; lastKnownFileType = wrapper.framework; name = Foundation.framework; path = System/Library/Frameworks/Foundation.framework; sourceTree = SDKROOT; };
		327691CA191FF6A300460F86 /* CoreGraphics.framework */ = {isa = PBXFileReference; lastKnownFileType = wrapper.framework; name = CoreGraphics.framework; path = System/Library/Frameworks/CoreGraphics.framework; sourceTree = SDKROOT; };
		327691CC191FF6A300460F86 /* UIKit.framework */ = {isa = PBXFileReference; lastKnownFileType = wrapper.framework; name = UIKit.framework; path = System/Library/Frameworks/UIKit.framework; sourceTree = SDKROOT; };
		327691D0191FF6A300460F86 /* SoundTouch_Demo-Info.plist */ = {isa = PBXFileReference; lastKnownFileType = text.plist.xml; path = "SoundTouch_Demo-Info.plist"; sourceTree = "<group>"; };
		327691D2191FF6A300460F86 /* en */ = {isa = PBXFileReference; lastKnownFileType = text.plist.strings; name = en; path = en.lproj/InfoPlist.strings; sourceTree = "<group>"; };
		327691D4191FF6A300460F86 /* main.m */ = {isa = PBXFileReference; lastKnownFileType = sourcecode.c.objc; path = main.m; sourceTree = "<group>"; };
		327691D6191FF6A300460F86 /* SoundTouch_Demo-Prefix.pch */ = {isa = PBXFileReference; lastKnownFileType = sourcecode.c.h; path = "SoundTouch_Demo-Prefix.pch"; sourceTree = "<group>"; };
		327691D7191FF6A300460F86 /* AppDelegate.h */ = {isa = PBXFileReference; lastKnownFileType = sourcecode.c.h; path = AppDelegate.h; sourceTree = "<group>"; };
		327691D8191FF6A300460F86 /* AppDelegate.m */ = {isa = PBXFileReference; lastKnownFileType = sourcecode.c.objc; path = AppDelegate.m; sourceTree = "<group>"; };
		327691DA191FF6A300460F86 /* Images.xcassets */ = {isa = PBXFileReference; lastKnownFileType = folder.assetcatalog; path = Images.xcassets; sourceTree = "<group>"; };
		327691E0191FF6A300460F86 /* SoundTouch_DemoTests.xctest */ = {isa = PBXFileReference; explicitFileType = wrapper.cfbundle; includeInIndex = 0; path = SoundTouch_DemoTests.xctest; sourceTree = BUILT_PRODUCTS_DIR; };
		327691E1191FF6A300460F86 /* XCTest.framework */ = {isa = PBXFileReference; lastKnownFileType = wrapper.framework; name = XCTest.framework; path = Library/Frameworks/XCTest.framework; sourceTree = DEVELOPER_DIR; };
		327691E9191FF6A300460F86 /* SoundTouch_DemoTests-Info.plist */ = {isa = PBXFileReference; lastKnownFileType = text.plist.xml; path = "SoundTouch_DemoTests-Info.plist"; sourceTree = "<group>"; };
		327691EB191FF6A300460F86 /* en */ = {isa = PBXFileReference; lastKnownFileType = text.plist.strings; name = en; path = en.lproj/InfoPlist.strings; sourceTree = "<group>"; };
		327691ED191FF6A300460F86 /* SoundTouch_DemoTests.m */ = {isa = PBXFileReference; lastKnownFileType = sourcecode.c.objc; path = SoundTouch_DemoTests.m; sourceTree = "<group>"; };
		327691F7191FF6BF00460F86 /* SoundTouch.framework */ = {isa = PBXFileReference; lastKnownFileType = wrapper.framework; name = SoundTouch.framework; path = "../Runovation_iOS/FBAudio-master/FBAudioLib/SoundTouch.framework"; sourceTree = "<group>"; };
/* End PBXFileReference section */

/* Begin PBXFrameworksBuildPhase section */
		327691C2191FF6A300460F86 /* Frameworks */ = {
			isa = PBXFrameworksBuildPhase;
			buildActionMask = 2147483647;
			files = (
				327691F8191FF6BF00460F86 /* SoundTouch.framework in Frameworks */,
				327691CB191FF6A300460F86 /* CoreGraphics.framework in Frameworks */,
				327691CD191FF6A300460F86 /* UIKit.framework in Frameworks */,
				327691C9191FF6A300460F86 /* Foundation.framework in Frameworks */,
			);
			runOnlyForDeploymentPostprocessing = 0;
		};
		327691DD191FF6A300460F86 /* Frameworks */ = {
			isa = PBXFrameworksBuildPhase;
			buildActionMask = 2147483647;
			files = (
				327691E2191FF6A300460F86 /* XCTest.framework in Frameworks */,
				327691E4191FF6A300460F86 /* UIKit.framework in Frameworks */,
				327691E3191FF6A300460F86 /* Foundation.framework in Frameworks */,
			);
			runOnlyForDeploymentPostprocessing = 0;
		};
/* End PBXFrameworksBuildPhase section */

/* Begin PBXGroup section */
		327691BC191FF6A300460F86 = {
			isa = PBXGroup;
			children = (
				327691CE191FF6A300460F86 /* SoundTouch_Demo */,
				327691E7191FF6A300460F86 /* SoundTouch_DemoTests */,
				327691C7191FF6A300460F86 /* Frameworks */,
				327691C6191FF6A300460F86 /* Products */,
			);
			sourceTree = "<group>";
		};
		327691C6191FF6A300460F86 /* Products */ = {
			isa = PBXGroup;
			children = (
				327691C5191FF6A300460F86 /* SoundTouch_Demo.app */,
				327691E0191FF6A300460F86 /* SoundTouch_DemoTests.xctest */,
			);
			name = Products;
			sourceTree = "<group>";
		};
		327691C7191FF6A300460F86 /* Frameworks */ = {
			isa = PBXGroup;
			children = (
				327691F7191FF6BF00460F86 /* SoundTouch.framework */,
				327691C8191FF6A300460F86 /* Foundation.framework */,
				327691CA191FF6A300460F86 /* CoreGraphics.framework */,
				327691CC191FF6A300460F86 /* UIKit.framework */,
				327691E1191FF6A300460F86 /* XCTest.framework */,
			);
			name = Frameworks;
			sourceTree = "<group>";
		};
		327691CE191FF6A300460F86 /* SoundTouch_Demo */ = {
			isa = PBXGroup;
			children = (
				327691D7191FF6A300460F86 /* AppDelegate.h */,
				327691D8191FF6A300460F86 /* AppDelegate.m */,
				327691DA191FF6A300460F86 /* Images.xcassets */,
				327691CF191FF6A300460F86 /* Supporting Files */,
			);
			path = SoundTouch_Demo;
			sourceTree = "<group>";
		};
		327691CF191FF6A300460F86 /* Supporting Files */ = {
			isa = PBXGroup;
			children = (
				327691D0191FF6A300460F86 /* SoundTouch_Demo-Info.plist */,
				327691D1191FF6A300460F86 /* InfoPlist.strings */,
				327691D4191FF6A300460F86 /* main.m */,
				327691D6191FF6A300460F86 /* SoundTouch_Demo-Prefix.pch */,
			);
			name = "Supporting Files";
			sourceTree = "<group>";
		};
		327691E7191FF6A300460F86 /* SoundTouch_DemoTests */ = {
			isa = PBXGroup;
			children = (
				327691ED191FF6A300460F86 /* SoundTouch_DemoTests.m */,
				327691E8191FF6A300460F86 /* Supporting Files */,
			);
			path = SoundTouch_DemoTests;
			sourceTree = "<group>";
		};
		327691E8191FF6A300460F86 /* Supporting Files */ = {
			isa = PBXGroup;
			children = (
				327691E9191FF6A300460F86 /* SoundTouch_DemoTests-Info.plist */,
				327691EA191FF6A300460F86 /* InfoPlist.strings */,
			);
			name = "Supporting Files";
			sourceTree = "<group>";
		};
/* End PBXGroup section */

/* Begin PBXNativeTarget section */
		327691C4191FF6A300460F86 /* SoundTouch_Demo */ = {
			isa = PBXNativeTarget;
			buildConfigurationList = 327691F1191FF6A300460F86 /* Build configuration list for PBXNativeTarget "SoundTouch_Demo" */;
			buildPhases = (
				327691C1191FF6A300460F86 /* Sources */,
				327691C2191FF6A300460F86 /* Frameworks */,
				327691C3191FF6A300460F86 /* Resources */,
			);
			buildRules = (
			);
			dependencies = (
			);
			name = SoundTouch_Demo;
			productName = SoundTouch_Demo;
			productReference = 327691C5191FF6A300460F86 /* SoundTouch_Demo.app */;
			productType = "com.apple.product-type.application";
		};
		327691DF191FF6A300460F86 /* SoundTouch_DemoTests */ = {
			isa = PBXNativeTarget;
			buildConfigurationList = 327691F4191FF6A300460F86 /* Build configuration list for PBXNativeTarget "SoundTouch_DemoTests" */;
			buildPhases = (
				327691DC191FF6A300460F86 /* Sources */,
				327691DD191FF6A300460F86 /* Frameworks */,
				327691DE191FF6A300460F86 /* Resources */,
			);
			buildRules = (
			);
			dependencies = (
				327691E6191FF6A300460F86 /* PBXTargetDependency */,
			);
			name = SoundTouch_DemoTests;
			productName = SoundTouch_DemoTests;
			productReference = 327691E0191FF6A300460F86 /* SoundTouch_DemoTests.xctest */;
			productType = "com.apple.product-type.bundle.unit-test";
		};
/* End PBXNativeTarget section */

/* Begin PBXProject section */
		327691BD191FF6A300460F86 /* Project object */ = {
			isa = PBXProject;
			attributes = {
				LastUpgradeCheck = 0510;
				ORGANIZATIONNAME = Runovation;
				TargetAttributes = {
					327691DF191FF6A300460F86 = {
						TestTargetID = 327691C4191FF6A300460F86;
					};
				};
			};
			buildConfigurationList = 327691C0191FF6A300460F86 /* Build configuration list for PBXProject "SoundTouch_Demo" */;
			compatibilityVersion = "Xcode 3.2";
			developmentRegion = English;
			hasScannedForEncodings = 0;
			knownRegions = (
				en,
			);
			mainGroup = 327691BC191FF6A300460F86;
			productRefGroup = 327691C6191FF6A300460F86 /* Products */;
			projectDirPath = "";
			projectRoot = "";
			targets = (
				327691C4191FF6A300460F86 /* SoundTouch_Demo */,
				327691DF191FF6A300460F86 /* SoundTouch_DemoTests */,
			);
		};
/* End PBXProject section */

/* Begin PBXResourcesBuildPhase section */
		327691C3191FF6A300460F86 /* Resources */ = {
			isa = PBXResourcesBuildPhase;
			buildActionMask = 2147483647;
			files = (
				327691D3191FF6A300460F86 /* InfoPlist.strings in Resources */,
				327691DB191FF6A300460F86 /* Images.xcassets in Resources */,
			);
			runOnlyForDeploymentPostprocessing = 0;
		};
		327691DE191FF6A300460F86 /* Resources */ = {
			isa = PBXResourcesBuildPhase;
			buildActionMask = 2147483647;
			files = (
				327691EC191FF6A300460F86 /* InfoPlist.strings in Resources */,
			);
			runOnlyForDeploymentPostprocessing = 0;
		};
/* End PBXResourcesBuildPhase section */

/* Begin PBXSourcesBuildPhase section */
		327691C1191FF6A300460F86 /* Sources */ = {
			isa = PBXSourcesBuildPhase;
			buildActionMask = 2147483647;
			files = (
				327691D9191FF6A300460F86 /* AppDelegate.m in Sources */,
				327691D5191FF6A300460F86 /* main.m in Sources */,
			);
			runOnlyForDeploymentPostprocessing = 0;
		};
		327691DC191FF6A300460F86 /* Sources */ = {
			isa = PBXSourcesBuildPhase;
			buildActionMask = 2147483647;
			files = (
				327691EE191FF6A300460F86 /* SoundTouch_DemoTests.m in Sources */,
			);
			runOnlyForDeploymentPostprocessing = 0;
		};
/* End PBXSourcesBuildPhase section */

/* Begin PBXTargetDependency section */
		327691E6191FF6A300460F86 /* PBXTargetDependency */ = {
			isa = PBXTargetDependency;
			target = 327691C4191FF6A300460F86 /* SoundTouch_Demo */;
			targetProxy = 327691E5191FF6A300460F86 /* PBXContainerItemProxy */;
		};
/* End PBXTargetDependency section */

/* Begin PBXVariantGroup section */
		327691D1191FF6A300460F86 /* InfoPlist.strings */ = {
			isa = PBXVariantGroup;
			children = (
				327691D2191FF6A300460F86 /* en */,
			);
			name = InfoPlist.strings;
			sourceTree = "<group>";
		};
		327691EA191FF6A300460F86 /* InfoPlist.strings */ = {
			isa = PBXVariantGroup;
			children = (
				327691EB191FF6A300460F86 /* en */,
			);
			name = InfoPlist.strings;
			sourceTree = "<group>";
		};
/* End PBXVariantGroup section */

/* Begin XCBuildConfiguration section */
		327691EF191FF6A300460F86 /* Debug */ = {
			isa = XCBuildConfiguration;
			buildSettings = {
				ALWAYS_SEARCH_USER_PATHS = NO;
				CLANG_CXX_LANGUAGE_STANDARD = "gnu++0x";
				CLANG_CXX_LIBRARY = "libc++";
				CLANG_ENABLE_MODULES = YES;
				CLANG_ENABLE_OBJC_ARC = YES;
				CLANG_WARN_BOOL_CONVERSION = YES;
				CLANG_WARN_CONSTANT_CONVERSION = YES;
				CLANG_WARN_DIRECT_OBJC_ISA_USAGE = YES_ERROR;
				CLANG_WARN_EMPTY_BODY = YES;
				CLANG_WARN_ENUM_CONVERSION = YES;
				CLANG_WARN_INT_CONVERSION = YES;
				CLANG_WARN_OBJC_ROOT_CLASS = YES_ERROR;
				CLANG_WARN__DUPLICATE_METHOD_MATCH = YES;
				"CODE_SIGN_IDENTITY[sdk=iphoneos*]" = "iPhone Developer";
				COPY_PHASE_STRIP = NO;
				GCC_C_LANGUAGE_STANDARD = gnu99;
				GCC_DYNAMIC_NO_PIC = NO;
				GCC_OPTIMIZATION_LEVEL = 0;
				GCC_PREPROCESSOR_DEFINITIONS = (
					"DEBUG=1",
					"$(inherited)",
				);
				GCC_SYMBOLS_PRIVATE_EXTERN = NO;
				GCC_WARN_64_TO_32_BIT_CONVERSION = YES;
				GCC_WARN_ABOUT_RETURN_TYPE = YES_ERROR;
				GCC_WARN_UNDECLARED_SELECTOR = YES;
				GCC_WARN_UNINITIALIZED_AUTOS = YES_AGGRESSIVE;
				GCC_WARN_UNUSED_FUNCTION = YES;
				GCC_WARN_UNUSED_VARIABLE = YES;
				IPHONEOS_DEPLOYMENT_TARGET = 7.1;
				ONLY_ACTIVE_ARCH = YES;
				SDKROOT = iphoneos;
				TARGETED_DEVICE_FAMILY = "1,2";
			};
			name = Debug;
		};
		327691F0191FF6A300460F86 /* Release */ = {
			isa = XCBuildConfiguration;
			buildSettings = {
				ALWAYS_SEARCH_USER_PATHS = NO;
				CLANG_CXX_LANGUAGE_STANDARD = "gnu++0x";
				CLANG_CXX_LIBRARY = "libc++";
				CLANG_ENABLE_MODULES = YES;
				CLANG_ENABLE_OBJC_ARC = YES;
				CLANG_WARN_BOOL_CONVERSION = YES;
				CLANG_WARN_CONSTANT_CONVERSION = YES;
				CLANG_WARN_DIRECT_OBJC_ISA_USAGE = YES_ERROR;
				CLANG_WARN_EMPTY_BODY = YES;
				CLANG_WARN_ENUM_CONVERSION = YES;
				CLANG_WARN_INT_CONVERSION = YES;
				CLANG_WARN_OBJC_ROOT_CLASS = YES_ERROR;
				CLANG_WARN__DUPLICATE_METHOD_MATCH = YES;
				"CODE_SIGN_IDENTITY[sdk=iphoneos*]" = "iPhone Developer";
				COPY_PHASE_STRIP = YES;
				ENABLE_NS_ASSERTIONS = NO;
				GCC_C_LANGUAGE_STANDARD = gnu99;
				GCC_WARN_64_TO_32_BIT_CONVERSION = YES;
				GCC_WARN_ABOUT_RETURN_TYPE = YES_ERROR;
				GCC_WARN_UNDECLARED_SELECTOR = YES;
				GCC_WARN_UNINITIALIZED_AUTOS = YES_AGGRESSIVE;
				GCC_WARN_UNUSED_FUNCTION = YES;
				GCC_WARN_UNUSED_VARIABLE = YES;
				IPHONEOS_DEPLOYMENT_TARGET = 7.1;
				SDKROOT = iphoneos;
				TARGETED_DEVICE_FAMILY = "1,2";
				VALIDATE_PRODUCT = YES;
			};
			name = Release;
		};
		327691F2191FF6A300460F86 /* Debug */ = {
			isa = XCBuildConfiguration;
			buildSettings = {
				ASSETCATALOG_COMPILER_APPICON_NAME = AppIcon;
				ASSETCATALOG_COMPILER_LAUNCHIMAGE_NAME = LaunchImage;
				FRAMEWORK_SEARCH_PATHS = (
					"$(inherited)",
					/Volumes/User,
					A/Eli,
					"Stine/Runovation_iOS/FBAudio-master/FBAudioLib",
				);
				GCC_PRECOMPILE_PREFIX_HEADER = YES;
				GCC_PREFIX_HEADER = "SoundTouch_Demo/SoundTouch_Demo-Prefix.pch";
				INFOPLIST_FILE = "SoundTouch_Demo/SoundTouch_Demo-Info.plist";
				PRODUCT_NAME = "$(TARGET_NAME)";
				WRAPPER_EXTENSION = app;
			};
			name = Debug;
		};
		327691F3191FF6A300460F86 /* Release */ = {
			isa = XCBuildConfiguration;
			buildSettings = {
				ASSETCATALOG_COMPILER_APPICON_NAME = AppIcon;
				ASSETCATALOG_COMPILER_LAUNCHIMAGE_NAME = LaunchImage;
				FRAMEWORK_SEARCH_PATHS = (
					"$(inherited)",
					/Volumes/User,
					A/Eli,
					"Stine/Runovation_iOS/FBAudio-master/FBAudioLib",
				);
				GCC_PRECOMPILE_PREFIX_HEADER = YES;
				GCC_PREFIX_HEADER = "SoundTouch_Demo/SoundTouch_Demo-Prefix.pch";
				INFOPLIST_FILE = "SoundTouch_Demo/SoundTouch_Demo-Info.plist";
				PRODUCT_NAME = "$(TARGET_NAME)";
				WRAPPER_EXTENSION = app;
			};
			name = Release;
		};
		327691F5191FF6A300460F86 /* Debug */ = {
			isa = XCBuildConfiguration;
			buildSettings = {
				BUNDLE_LOADER = "$(BUILT_PRODUCTS_DIR)/SoundTouch_Demo.app/SoundTouch_Demo";
				FRAMEWORK_SEARCH_PATHS = (
					"$(SDKROOT)/Developer/Library/Frameworks",
					"$(inherited)",
					"$(DEVELOPER_FRAMEWORKS_DIR)",
				);
				GCC_PRECOMPILE_PREFIX_HEADER = YES;
				GCC_PREFIX_HEADER = "SoundTouch_Demo/SoundTouch_Demo-Prefix.pch";
				GCC_PREPROCESSOR_DEFINITIONS = (
					"DEBUG=1",
					"$(inherited)",
				);
				INFOPLIST_FILE = "SoundTouch_DemoTests/SoundTouch_DemoTests-Info.plist";
				PRODUCT_NAME = "$(TARGET_NAME)";
				TEST_HOST = "$(BUNDLE_LOADER)";
				WRAPPER_EXTENSION = xctest;
			};
			name = Debug;
		};
		327691F6191FF6A300460F86 /* Release */ = {
			isa = XCBuildConfiguration;
			buildSettings = {
				BUNDLE_LOADER = "$(BUILT_PRODUCTS_DIR)/SoundTouch_Demo.app/SoundTouch_Demo";
				FRAMEWORK_SEARCH_PATHS = (
					"$(SDKROOT)/Developer/Library/Frameworks",
					"$(inherited)",
					"$(DEVELOPER_FRAMEWORKS_DIR)",
				);
				GCC_PRECOMPILE_PREFIX_HEADER = YES;
				GCC_PREFIX_HEADER = "SoundTouch_Demo/SoundTouch_Demo-Prefix.pch";
				INFOPLIST_FILE = "SoundTouch_DemoTests/SoundTouch_DemoTests-Info.plist";
				PRODUCT_NAME = "$(TARGET_NAME)";
				TEST_HOST = "$(BUNDLE_LOADER)";
				WRAPPER_EXTENSION = xctest;
			};
			name = Release;
		};
/* End XCBuildConfiguration section */

/* Begin XCConfigurationList section */
		327691C0191FF6A300460F86 /* Build configuration list for PBXProject "SoundTouch_Demo" */ = {
			isa = XCConfigurationList;
			buildConfigurations = (
				327691EF191FF6A300460F86 /* Debug */,
				327691F0191FF6A300460F86 /* Release */,
			);
			defaultConfigurationIsVisible = 0;
			defaultConfigurationName = Release;
		};
		327691F1191FF6A300460F86 /* Build configuration list for PBXNativeTarget "SoundTouch_Demo" */ = {
			isa = XCConfigurationList;
			buildConfigurations = (
				327691F2191FF6A300460F86 /* Debug */,
				327691F3191FF6A300460F86 /* Release */,
			);
			defaultConfigurationIsVisible = 0;
		};
		327691F4191FF6A300460F86 /* Build configuration list for PBXNativeTarget "SoundTouch_DemoTests" */ = {
			isa = XCConfigurationList;
			buildConfigurations = (
				327691F5191FF6A300460F86 /* Debug */,
				327691F6191FF6A300460F86 /* Release */,
			);
			defaultConfigurationIsVisible = 0;
		};
/* End XCConfigurationList section */
	};
	rootObject = 327691BD191FF6A300460F86 /* Project object */;
}
